// !$*UTF8*$!
{
	archiveVersion = 1;
	classes = {
	};
	objectVersion = 71;
	objects = {

/* Begin PBXBuildFile section */
		2502587D2CB3C2FB00ADCF68 /* SignKit in Frameworks */ = {isa = PBXBuildFile; productRef = 2502587C2CB3C2FB00ADCF68 /* SignKit */; };
		250258802CB3CF4700ADCF68 /* GoogleMobileAds in Frameworks */ = {isa = PBXBuildFile; productRef = 2502587F2CB3CF4700ADCF68 /* GoogleMobileAds */; };
		25064D392CAEFEFF00181796 /* GoogleSignIn in Frameworks */ = {isa = PBXBuildFile; productRef = 25064D382CAEFEFF00181796 /* GoogleSignIn */; };
		25064D3B2CAEFEFF00181796 /* GoogleSignInSwift in Frameworks */ = {isa = PBXBuildFile; productRef = 25064D3A2CAEFEFF00181796 /* GoogleSignInSwift */; };
		25064DDB2CAF862D00181796 /* SignKit in Frameworks */ = {isa = PBXBuildFile; productRef = 25064DDA2CAF862D00181796 /* SignKit */; };
		250EAE242C7DE05500D9FF5E /* CombineMoya in Frameworks */ = {isa = PBXBuildFile; productRef = 250EAE232C7DE05500D9FF5E /* CombineMoya */; };
		250EAE262C7DE05500D9FF5E /* Moya in Frameworks */ = {isa = PBXBuildFile; productRef = 250EAE252C7DE05500D9FF5E /* Moya */; };
		250FD0852C74AF100070503B /* CombineMoya in Frameworks */ = {isa = PBXBuildFile; productRef = 250FD0842C74AF100070503B /* CombineMoya */; };
		250FD0872C74AF100070503B /* Moya in Frameworks */ = {isa = PBXBuildFile; productRef = 250FD0862C74AF100070503B /* Moya */; };
		253DC2B22C7EBEAC0047C401 /* MyDesignSystem in Frameworks */ = {isa = PBXBuildFile; productRef = 253DC2B12C7EBEAC0047C401 /* MyDesignSystem */; };
		253DC2B42C7EBEAC0047C401 /* MyMoya in Frameworks */ = {isa = PBXBuildFile; productRef = 253DC2B32C7EBEAC0047C401 /* MyMoya */; };
		253DC2B62C7EBEAC0047C401 /* MyShared in Frameworks */ = {isa = PBXBuildFile; productRef = 253DC2B52C7EBEAC0047C401 /* MyShared */; };
		253DC2B82C7EBEB30047C401 /* MyDesignSystem in Frameworks */ = {isa = PBXBuildFile; productRef = 253DC2B72C7EBEB30047C401 /* MyDesignSystem */; };
		258172AC2C7A10CF00D2691E /* WidgetKit.framework in Frameworks */ = {isa = PBXBuildFile; fileRef = 258172AB2C7A10CF00D2691E /* WidgetKit.framework */; };
		258172AE2C7A10CF00D2691E /* SwiftUI.framework in Frameworks */ = {isa = PBXBuildFile; fileRef = 258172AD2C7A10CF00D2691E /* SwiftUI.framework */; };
		258172B92C7A10D100D2691E /* Graduating-WidgetExtension.appex in Embed Foundation Extensions */ = {isa = PBXBuildFile; fileRef = 258172A92C7A10CF00D2691E /* Graduating-WidgetExtension.appex */; settings = {ATTRIBUTES = (RemoveHeadersOnCopy, ); }; };
		258172D02C7A12CC00D2691E /* libShared.a in Frameworks */ = {isa = PBXBuildFile; fileRef = 258172C92C7A12B800D2691E /* libShared.a */; };
		258172D32C7A12D300D2691E /* libShared.a in Frameworks */ = {isa = PBXBuildFile; fileRef = 258172C92C7A12B800D2691E /* libShared.a */; };
		25A649902CB351410015AADB /* ScopeKit in Frameworks */ = {isa = PBXBuildFile; productRef = 25A6498F2CB351410015AADB /* ScopeKit */; };
		25C962D42C7B07C500EB872E /* libData.a in Frameworks */ = {isa = PBXBuildFile; fileRef = 25C962AF2C7B062900EB872E /* libData.a */; };
		25C962D72C7B07F800EB872E /* libData.a in Frameworks */ = {isa = PBXBuildFile; fileRef = 25C962AF2C7B062900EB872E /* libData.a */; };
/* End PBXBuildFile section */

/* Begin PBXContainerItemProxy section */
		258172B72C7A10D100D2691E /* PBXContainerItemProxy */ = {
			isa = PBXContainerItemProxy;
			containerPortal = 2560F16B2C746C16007009E2 /* Project object */;
			proxyType = 1;
			remoteGlobalIDString = 258172A82C7A10CF00D2691E;
			remoteInfo = "Graduating-WidgetExtension";
		};
		258172D12C7A12CC00D2691E /* PBXContainerItemProxy */ = {
			isa = PBXContainerItemProxy;
			containerPortal = 2560F16B2C746C16007009E2 /* Project object */;
			proxyType = 1;
			remoteGlobalIDString = 258172C82C7A12B800D2691E;
			remoteInfo = Shared;
		};
		258172D42C7A12D300D2691E /* PBXContainerItemProxy */ = {
			isa = PBXContainerItemProxy;
			containerPortal = 2560F16B2C746C16007009E2 /* Project object */;
			proxyType = 1;
			remoteGlobalIDString = 258172C82C7A12B800D2691E;
			remoteInfo = Shared;
		};
		25C962B62C7B063E00EB872E /* PBXContainerItemProxy */ = {
			isa = PBXContainerItemProxy;
			containerPortal = 2560F16B2C746C16007009E2 /* Project object */;
			proxyType = 1;
			remoteGlobalIDString = 258172C82C7A12B800D2691E;
			remoteInfo = Shared;
		};
		25C962B82C7B064500EB872E /* PBXContainerItemProxy */ = {
			isa = PBXContainerItemProxy;
			containerPortal = 2560F16B2C746C16007009E2 /* Project object */;
			proxyType = 1;
			remoteGlobalIDString = 25C962AE2C7B062900EB872E;
			remoteInfo = Data;
		};
		25C962D82C7B07F800EB872E /* PBXContainerItemProxy */ = {
			isa = PBXContainerItemProxy;
			containerPortal = 2560F16B2C746C16007009E2 /* Project object */;
			proxyType = 1;
			remoteGlobalIDString = 25C962AE2C7B062900EB872E;
			remoteInfo = Data;
		};
/* End PBXContainerItemProxy section */

/* Begin PBXCopyFilesBuildPhase section */
		258172BD2C7A10D100D2691E /* Embed Foundation Extensions */ = {
			isa = PBXCopyFilesBuildPhase;
			buildActionMask = 2147483647;
			dstPath = "";
			dstSubfolderSpec = 13;
			files = (
				258172B92C7A10D100D2691E /* Graduating-WidgetExtension.appex in Embed Foundation Extensions */,
			);
			name = "Embed Foundation Extensions";
			runOnlyForDeploymentPostprocessing = 0;
		};
		258172C72C7A12B800D2691E /* CopyFiles */ = {
			isa = PBXCopyFilesBuildPhase;
			buildActionMask = 2147483647;
			dstPath = "include/$(PRODUCT_NAME)";
			dstSubfolderSpec = 16;
			files = (
			);
			runOnlyForDeploymentPostprocessing = 0;
		};
		25C962AD2C7B062900EB872E /* CopyFiles */ = {
			isa = PBXCopyFilesBuildPhase;
			buildActionMask = 2147483647;
			dstPath = "include/$(PRODUCT_NAME)";
			dstSubfolderSpec = 16;
			files = (
			);
			runOnlyForDeploymentPostprocessing = 0;
		};
/* End PBXCopyFilesBuildPhase section */

/* Begin PBXFileReference section */
		250EAE222C7DDC6500D9FF5E /* Graduating-WidgetExtension.entitlements */ = {isa = PBXFileReference; lastKnownFileType = text.plist.entitlements; path = "Graduating-WidgetExtension.entitlements"; sourceTree = "<group>"; };
		2560F1732C746C16007009E2 /* Graduating.app */ = {isa = PBXFileReference; explicitFileType = wrapper.application; includeInIndex = 0; path = Graduating.app; sourceTree = BUILT_PRODUCTS_DIR; };
		258172A92C7A10CF00D2691E /* Graduating-WidgetExtension.appex */ = {isa = PBXFileReference; explicitFileType = "wrapper.app-extension"; includeInIndex = 0; path = "Graduating-WidgetExtension.appex"; sourceTree = BUILT_PRODUCTS_DIR; };
		258172AB2C7A10CF00D2691E /* WidgetKit.framework */ = {isa = PBXFileReference; lastKnownFileType = wrapper.framework; name = WidgetKit.framework; path = System/Library/Frameworks/WidgetKit.framework; sourceTree = SDKROOT; };
		258172AD2C7A10CF00D2691E /* SwiftUI.framework */ = {isa = PBXFileReference; lastKnownFileType = wrapper.framework; name = SwiftUI.framework; path = System/Library/Frameworks/SwiftUI.framework; sourceTree = SDKROOT; };
		258172C92C7A12B800D2691E /* libShared.a */ = {isa = PBXFileReference; explicitFileType = archive.ar; includeInIndex = 0; path = libShared.a; sourceTree = BUILT_PRODUCTS_DIR; };
		25C962AF2C7B062900EB872E /* libData.a */ = {isa = PBXFileReference; explicitFileType = archive.ar; includeInIndex = 0; path = libData.a; sourceTree = BUILT_PRODUCTS_DIR; };
/* End PBXFileReference section */

/* Begin PBXFileSystemSynchronizedBuildFileExceptionSet section */
		25064C812CAE8DAB00181796 /* PBXFileSystemSynchronizedBuildFileExceptionSet */ = {
			isa = PBXFileSystemSynchronizedBuildFileExceptionSet;
			membershipExceptions = (
				Info.plist,
			);
			target = 258172A82C7A10CF00D2691E /* Graduating-WidgetExtension */;
		};
		25064D2B2CAE8E1F00181796 /* PBXFileSystemSynchronizedBuildFileExceptionSet */ = {
			isa = PBXFileSystemSynchronizedBuildFileExceptionSet;
			membershipExceptions = (
				Info.plist,
			);
			target = 2560F1722C746C16007009E2 /* Graduating */;
		};
		253ADD1F2CB76B4500B1B021 /* PBXFileSystemSynchronizedBuildFileExceptionSet */ = {
			isa = PBXFileSystemSynchronizedBuildFileExceptionSet;
			membershipExceptions = (
				Meal/MealEntry.swift,
				Meal/MealMenuText.swift,
				Meal/MealProvider.swift,
				Meal/MealWidget.swift,
				Meal/MealWidgetEntryView.swift,
				"Util/View+safeContainerBackground.swift",
			);
			target = 2560F1722C746C16007009E2 /* Graduating */;
		};
		25B10E192CB28CE90035F908 /* PBXFileSystemSynchronizedBuildFileExceptionSet */ = {
			isa = PBXFileSystemSynchronizedBuildFileExceptionSet;
			membershipExceptions = (
				Local/UserDefaultsProtocol.swift,
			);
			target = 258172C82C7A12B800D2691E /* Shared */;
		};
		25B10E1A2CB28CE90035F908 /* PBXFileSystemSynchronizedBuildFileExceptionSet */ = {
			isa = PBXFileSystemSynchronizedBuildFileExceptionSet;
			membershipExceptions = (
				Local/UserDefaultsProtocol.swift,
			);
			target = 25C962AE2C7B062900EB872E /* Data */;
		};
/* End PBXFileSystemSynchronizedBuildFileExceptionSet section */

/* Begin PBXFileSystemSynchronizedRootGroup section */
		25064C6A2CAE8DA500181796 /* Data */ = {isa = PBXFileSystemSynchronizedRootGroup; exceptions = (25B10E192CB28CE90035F908 /* PBXFileSystemSynchronizedBuildFileExceptionSet */, 25B10E1A2CB28CE90035F908 /* PBXFileSystemSynchronizedBuildFileExceptionSet */, ); explicitFileTypes = {}; explicitFolders = (); path = Data; sourceTree = "<group>"; };
		25064C7A2CAE8DAA00181796 /* Graduating-Widget */ = {isa = PBXFileSystemSynchronizedRootGroup; exceptions = (253ADD1F2CB76B4500B1B021 /* PBXFileSystemSynchronizedBuildFileExceptionSet */, 25064C812CAE8DAB00181796 /* PBXFileSystemSynchronizedBuildFileExceptionSet */, ); explicitFileTypes = {}; explicitFolders = (); path = "Graduating-Widget"; sourceTree = "<group>"; };
		25064C8B2CAE8DB400181796 /* Shared */ = {isa = PBXFileSystemSynchronizedRootGroup; explicitFileTypes = {}; explicitFolders = (); path = Shared; sourceTree = "<group>"; };
		25064D122CAE8E1F00181796 /* Graduating */ = {isa = PBXFileSystemSynchronizedRootGroup; exceptions = (25064D2B2CAE8E1F00181796 /* PBXFileSystemSynchronizedBuildFileExceptionSet */, ); explicitFileTypes = {}; explicitFolders = (); path = Graduating; sourceTree = "<group>"; };
/* End PBXFileSystemSynchronizedRootGroup section */

/* Begin PBXFrameworksBuildPhase section */
		2560F1702C746C16007009E2 /* Frameworks */ = {
			isa = PBXFrameworksBuildPhase;
			buildActionMask = 2147483647;
			files = (
				25064D3B2CAEFEFF00181796 /* GoogleSignInSwift in Frameworks */,
				250FD0852C74AF100070503B /* CombineMoya in Frameworks */,
				250258802CB3CF4700ADCF68 /* GoogleMobileAds in Frameworks */,
				25A649902CB351410015AADB /* ScopeKit in Frameworks */,
				25064D392CAEFEFF00181796 /* GoogleSignIn in Frameworks */,
				25C962D42C7B07C500EB872E /* libData.a in Frameworks */,
				25064DDB2CAF862D00181796 /* SignKit in Frameworks */,
				253DC2B22C7EBEAC0047C401 /* MyDesignSystem in Frameworks */,
				250FD0872C74AF100070503B /* Moya in Frameworks */,
				258172D02C7A12CC00D2691E /* libShared.a in Frameworks */,
			);
			runOnlyForDeploymentPostprocessing = 0;
		};
		258172A62C7A10CF00D2691E /* Frameworks */ = {
			isa = PBXFrameworksBuildPhase;
			buildActionMask = 2147483647;
			files = (
				2502587D2CB3C2FB00ADCF68 /* SignKit in Frameworks */,
				258172AE2C7A10CF00D2691E /* SwiftUI.framework in Frameworks */,
				250EAE262C7DE05500D9FF5E /* Moya in Frameworks */,
				253DC2B82C7EBEB30047C401 /* MyDesignSystem in Frameworks */,
				25C962D72C7B07F800EB872E /* libData.a in Frameworks */,
				258172AC2C7A10CF00D2691E /* WidgetKit.framework in Frameworks */,
				250EAE242C7DE05500D9FF5E /* CombineMoya in Frameworks */,
				258172D32C7A12D300D2691E /* libShared.a in Frameworks */,
			);
			runOnlyForDeploymentPostprocessing = 0;
		};
		258172C62C7A12B800D2691E /* Frameworks */ = {
			isa = PBXFrameworksBuildPhase;
			buildActionMask = 2147483647;
			files = (
				253DC2B62C7EBEAC0047C401 /* MyShared in Frameworks */,
			);
			runOnlyForDeploymentPostprocessing = 0;
		};
		25C962AC2C7B062900EB872E /* Frameworks */ = {
			isa = PBXFrameworksBuildPhase;
			buildActionMask = 2147483647;
			files = (
				253DC2B42C7EBEAC0047C401 /* MyMoya in Frameworks */,
			);
			runOnlyForDeploymentPostprocessing = 0;
		};
/* End PBXFrameworksBuildPhase section */

/* Begin PBXGroup section */
		2560F16A2C746C16007009E2 = {
			isa = PBXGroup;
			children = (
				250EAE222C7DDC6500D9FF5E /* Graduating-WidgetExtension.entitlements */,
				25064D122CAE8E1F00181796 /* Graduating */,
				25064C7A2CAE8DAA00181796 /* Graduating-Widget */,
				25064C6A2CAE8DA500181796 /* Data */,
				25064C8B2CAE8DB400181796 /* Shared */,
				258172AA2C7A10CF00D2691E /* Frameworks */,
				2560F1742C746C16007009E2 /* Products */,
			);
			sourceTree = "<group>";
		};
		2560F1742C746C16007009E2 /* Products */ = {
			isa = PBXGroup;
			children = (
				2560F1732C746C16007009E2 /* Graduating.app */,
				258172A92C7A10CF00D2691E /* Graduating-WidgetExtension.appex */,
				258172C92C7A12B800D2691E /* libShared.a */,
				25C962AF2C7B062900EB872E /* libData.a */,
			);
			name = Products;
			sourceTree = "<group>";
		};
		258172AA2C7A10CF00D2691E /* Frameworks */ = {
			isa = PBXGroup;
			children = (
				258172AD2C7A10CF00D2691E /* SwiftUI.framework */,
				258172AB2C7A10CF00D2691E /* WidgetKit.framework */,
			);
			name = Frameworks;
			sourceTree = "<group>";
		};
/* End PBXGroup section */

/* Begin PBXNativeTarget section */
		2560F1722C746C16007009E2 /* Graduating */ = {
			isa = PBXNativeTarget;
			buildConfigurationList = 2560F1812C746C19007009E2 /* Build configuration list for PBXNativeTarget "Graduating" */;
			buildPhases = (
				2560F16F2C746C16007009E2 /* Sources */,
				2560F1702C746C16007009E2 /* Frameworks */,
				2560F1712C746C16007009E2 /* Resources */,
				258172BD2C7A10D100D2691E /* Embed Foundation Extensions */,
			);
			buildRules = (
			);
			dependencies = (
				25C962B92C7B064500EB872E /* PBXTargetDependency */,
				258172D22C7A12CC00D2691E /* PBXTargetDependency */,
				258172B82C7A10D100D2691E /* PBXTargetDependency */,
			);
			fileSystemSynchronizedGroups = (
				25064D122CAE8E1F00181796 /* Graduating */,
			);
			name = Graduating;
			packageProductDependencies = (
				250FD0842C74AF100070503B /* CombineMoya */,
				250FD0862C74AF100070503B /* Moya */,
				253DC2B12C7EBEAC0047C401 /* MyDesignSystem */,
				25064D382CAEFEFF00181796 /* GoogleSignIn */,
				25064D3A2CAEFEFF00181796 /* GoogleSignInSwift */,
				25064DDA2CAF862D00181796 /* SignKit */,
				25A6498F2CB351410015AADB /* ScopeKit */,
				2502587F2CB3CF4700ADCF68 /* GoogleMobileAds */,
			);
			productName = Graduating;
			productReference = 2560F1732C746C16007009E2 /* Graduating.app */;
			productType = "com.apple.product-type.application";
		};
		258172A82C7A10CF00D2691E /* Graduating-WidgetExtension */ = {
			isa = PBXNativeTarget;
			buildConfigurationList = 258172BA2C7A10D100D2691E /* Build configuration list for PBXNativeTarget "Graduating-WidgetExtension" */;
			buildPhases = (
				258172A52C7A10CF00D2691E /* Sources */,
				258172A62C7A10CF00D2691E /* Frameworks */,
				258172A72C7A10CF00D2691E /* Resources */,
			);
			buildRules = (
			);
			dependencies = (
				253DC2AB2C7EB0D00047C401 /* PBXTargetDependency */,
				258172D52C7A12D300D2691E /* PBXTargetDependency */,
				25C962D92C7B07F800EB872E /* PBXTargetDependency */,
			);
			fileSystemSynchronizedGroups = (
				25064C7A2CAE8DAA00181796 /* Graduating-Widget */,
			);
			name = "Graduating-WidgetExtension";
			packageProductDependencies = (
				250EAE232C7DE05500D9FF5E /* CombineMoya */,
				250EAE252C7DE05500D9FF5E /* Moya */,
				253DC2B72C7EBEB30047C401 /* MyDesignSystem */,
				2502587C2CB3C2FB00ADCF68 /* SignKit */,
			);
			productName = "Graduating-WidgetExtension";
			productReference = 258172A92C7A10CF00D2691E /* Graduating-WidgetExtension.appex */;
			productType = "com.apple.product-type.app-extension";
		};
		258172C82C7A12B800D2691E /* Shared */ = {
			isa = PBXNativeTarget;
			buildConfigurationList = 258172CD2C7A12B800D2691E /* Build configuration list for PBXNativeTarget "Shared" */;
			buildPhases = (
				258172C52C7A12B800D2691E /* Sources */,
				258172C62C7A12B800D2691E /* Frameworks */,
				258172C72C7A12B800D2691E /* CopyFiles */,
			);
			buildRules = (
			);
			dependencies = (
			);
			fileSystemSynchronizedGroups = (
				25064C8B2CAE8DB400181796 /* Shared */,
			);
			name = Shared;
			packageProductDependencies = (
				253DC2B52C7EBEAC0047C401 /* MyShared */,
			);
			productName = Shared;
			productReference = 258172C92C7A12B800D2691E /* libShared.a */;
			productType = "com.apple.product-type.library.static";
		};
		25C962AE2C7B062900EB872E /* Data */ = {
			isa = PBXNativeTarget;
			buildConfigurationList = 25C962B52C7B062A00EB872E /* Build configuration list for PBXNativeTarget "Data" */;
			buildPhases = (
				25C962AB2C7B062900EB872E /* Sources */,
				25C962AC2C7B062900EB872E /* Frameworks */,
				25C962AD2C7B062900EB872E /* CopyFiles */,
			);
			buildRules = (
			);
			dependencies = (
				253DC2A92C7EB0B50047C401 /* PBXTargetDependency */,
				25D927812C7DCFEB008DB5B8 /* PBXTargetDependency */,
				25D927832C7DCFEB008DB5B8 /* PBXTargetDependency */,
				25C962B72C7B063E00EB872E /* PBXTargetDependency */,
			);
			fileSystemSynchronizedGroups = (
				25064C6A2CAE8DA500181796 /* Data */,
			);
			name = Data;
			packageProductDependencies = (
				253DC2B32C7EBEAC0047C401 /* MyMoya */,
			);
			productName = Data;
			productReference = 25C962AF2C7B062900EB872E /* libData.a */;
			productType = "com.apple.product-type.library.static";
		};
/* End PBXNativeTarget section */

/* Begin PBXProject section */
		2560F16B2C746C16007009E2 /* Project object */ = {
			isa = PBXProject;
			attributes = {
				BuildIndependentTargetsInParallel = 1;
				LastSwiftUpdateCheck = 1540;
				LastUpgradeCheck = 1540;
				TargetAttributes = {
					2560F1722C746C16007009E2 = {
						CreatedOnToolsVersion = 15.4;
					};
					258172A82C7A10CF00D2691E = {
						CreatedOnToolsVersion = 15.4;
					};
					258172C82C7A12B800D2691E = {
						CreatedOnToolsVersion = 15.4;
					};
					25C962AE2C7B062900EB872E = {
						CreatedOnToolsVersion = 15.4;
					};
				};
			};
			buildConfigurationList = 2560F16E2C746C16007009E2 /* Build configuration list for PBXProject "Graduating" */;
			compatibilityVersion = "Xcode 14.0";
			developmentRegion = ko;
			hasScannedForEncodings = 0;
			knownRegions = (
				en,
				Base,
				ko,
			);
			mainGroup = 2560F16A2C746C16007009E2;
			packageReferences = (
				250FD0832C74AF100070503B /* XCRemoteSwiftPackageReference "Moya" */,
				253DC2B02C7EBEAC0047C401 /* XCRemoteSwiftPackageReference "my-ios-kit" */,
				25064D372CAEFEFF00181796 /* XCRemoteSwiftPackageReference "GoogleSignIn-iOS" */,
				25064DD92CAF862D00181796 /* XCRemoteSwiftPackageReference "SignKit" */,
				25A6498E2CB351400015AADB /* XCRemoteSwiftPackageReference "ScopeKit" */,
				2502587E2CB3CF4700ADCF68 /* XCRemoteSwiftPackageReference "swift-package-manager-google-mobile-ads" */,
			);
			productRefGroup = 2560F1742C746C16007009E2 /* Products */;
			projectDirPath = "";
			projectRoot = "";
			targets = (
				2560F1722C746C16007009E2 /* Graduating */,
				258172A82C7A10CF00D2691E /* Graduating-WidgetExtension */,
				258172C82C7A12B800D2691E /* Shared */,
				25C962AE2C7B062900EB872E /* Data */,
			);
		};
/* End PBXProject section */

/* Begin PBXResourcesBuildPhase section */
		2560F1712C746C16007009E2 /* Resources */ = {
			isa = PBXResourcesBuildPhase;
			buildActionMask = 2147483647;
			files = (
			);
			runOnlyForDeploymentPostprocessing = 0;
		};
		258172A72C7A10CF00D2691E /* Resources */ = {
			isa = PBXResourcesBuildPhase;
			buildActionMask = 2147483647;
			files = (
			);
			runOnlyForDeploymentPostprocessing = 0;
		};
/* End PBXResourcesBuildPhase section */

/* Begin PBXSourcesBuildPhase section */
		2560F16F2C746C16007009E2 /* Sources */ = {
			isa = PBXSourcesBuildPhase;
			buildActionMask = 2147483647;
			files = (
			);
			runOnlyForDeploymentPostprocessing = 0;
		};
		258172A52C7A10CF00D2691E /* Sources */ = {
			isa = PBXSourcesBuildPhase;
			buildActionMask = 2147483647;
			files = (
			);
			runOnlyForDeploymentPostprocessing = 0;
		};
		258172C52C7A12B800D2691E /* Sources */ = {
			isa = PBXSourcesBuildPhase;
			buildActionMask = 2147483647;
			files = (
			);
			runOnlyForDeploymentPostprocessing = 0;
		};
		25C962AB2C7B062900EB872E /* Sources */ = {
			isa = PBXSourcesBuildPhase;
			buildActionMask = 2147483647;
			files = (
			);
			runOnlyForDeploymentPostprocessing = 0;
		};
/* End PBXSourcesBuildPhase section */

/* Begin PBXTargetDependency section */
		253DC2A92C7EB0B50047C401 /* PBXTargetDependency */ = {
			isa = PBXTargetDependency;
			productRef = 253DC2A82C7EB0B50047C401 /* MyShared */;
		};
		253DC2AB2C7EB0D00047C401 /* PBXTargetDependency */ = {
			isa = PBXTargetDependency;
			productRef = 253DC2AA2C7EB0D00047C401 /* MyDesignSystem */;
		};
		258172B82C7A10D100D2691E /* PBXTargetDependency */ = {
			isa = PBXTargetDependency;
			target = 258172A82C7A10CF00D2691E /* Graduating-WidgetExtension */;
			targetProxy = 258172B72C7A10D100D2691E /* PBXContainerItemProxy */;
		};
		258172D22C7A12CC00D2691E /* PBXTargetDependency */ = {
			isa = PBXTargetDependency;
			target = 258172C82C7A12B800D2691E /* Shared */;
			targetProxy = 258172D12C7A12CC00D2691E /* PBXContainerItemProxy */;
		};
		258172D52C7A12D300D2691E /* PBXTargetDependency */ = {
			isa = PBXTargetDependency;
			target = 258172C82C7A12B800D2691E /* Shared */;
			targetProxy = 258172D42C7A12D300D2691E /* PBXContainerItemProxy */;
		};
		25C962B72C7B063E00EB872E /* PBXTargetDependency */ = {
			isa = PBXTargetDependency;
			target = 258172C82C7A12B800D2691E /* Shared */;
			targetProxy = 25C962B62C7B063E00EB872E /* PBXContainerItemProxy */;
		};
		25C962B92C7B064500EB872E /* PBXTargetDependency */ = {
			isa = PBXTargetDependency;
			target = 25C962AE2C7B062900EB872E /* Data */;
			targetProxy = 25C962B82C7B064500EB872E /* PBXContainerItemProxy */;
		};
		25C962D92C7B07F800EB872E /* PBXTargetDependency */ = {
			isa = PBXTargetDependency;
			target = 25C962AE2C7B062900EB872E /* Data */;
			targetProxy = 25C962D82C7B07F800EB872E /* PBXContainerItemProxy */;
		};
		25D927812C7DCFEB008DB5B8 /* PBXTargetDependency */ = {
			isa = PBXTargetDependency;
			productRef = 25D927802C7DCFEB008DB5B8 /* CombineMoya */;
		};
		25D927832C7DCFEB008DB5B8 /* PBXTargetDependency */ = {
			isa = PBXTargetDependency;
			productRef = 25D927822C7DCFEB008DB5B8 /* Moya */;
		};
/* End PBXTargetDependency section */

/* Begin XCBuildConfiguration section */
		2560F17F2C746C19007009E2 /* Debug */ = {
			isa = XCBuildConfiguration;
			baseConfigurationReferenceAnchor = 25064D122CAE8E1F00181796 /* Graduating */;
			baseConfigurationReferenceRelativePath = Secret.xcconfig;
			buildSettings = {
				ALWAYS_SEARCH_USER_PATHS = NO;
				ASSETCATALOG_COMPILER_GENERATE_SWIFT_ASSET_SYMBOL_EXTENSIONS = YES;
				CLANG_ANALYZER_NONNULL = YES;
				CLANG_ANALYZER_NUMBER_OBJECT_CONVERSION = YES_AGGRESSIVE;
				CLANG_CXX_LANGUAGE_STANDARD = "gnu++20";
				CLANG_ENABLE_MODULES = YES;
				CLANG_ENABLE_OBJC_ARC = YES;
				CLANG_ENABLE_OBJC_WEAK = YES;
				CLANG_WARN_BLOCK_CAPTURE_AUTORELEASING = YES;
				CLANG_WARN_BOOL_CONVERSION = YES;
				CLANG_WARN_COMMA = YES;
				CLANG_WARN_CONSTANT_CONVERSION = YES;
				CLANG_WARN_DEPRECATED_OBJC_IMPLEMENTATIONS = YES;
				CLANG_WARN_DIRECT_OBJC_ISA_USAGE = YES_ERROR;
				CLANG_WARN_DOCUMENTATION_COMMENTS = YES;
				CLANG_WARN_EMPTY_BODY = YES;
				CLANG_WARN_ENUM_CONVERSION = YES;
				CLANG_WARN_INFINITE_RECURSION = YES;
				CLANG_WARN_INT_CONVERSION = YES;
				CLANG_WARN_NON_LITERAL_NULL_CONVERSION = YES;
				CLANG_WARN_OBJC_IMPLICIT_RETAIN_SELF = YES;
				CLANG_WARN_OBJC_LITERAL_CONVERSION = YES;
				CLANG_WARN_OBJC_ROOT_CLASS = YES_ERROR;
				CLANG_WARN_QUOTED_INCLUDE_IN_FRAMEWORK_HEADER = YES;
				CLANG_WARN_RANGE_LOOP_ANALYSIS = YES;
				CLANG_WARN_STRICT_PROTOTYPES = YES;
				CLANG_WARN_SUSPICIOUS_MOVE = YES;
				CLANG_WARN_UNGUARDED_AVAILABILITY = YES_AGGRESSIVE;
				CLANG_WARN_UNREACHABLE_CODE = YES;
				CLANG_WARN__DUPLICATE_METHOD_MATCH = YES;
				COPY_PHASE_STRIP = NO;
				DEBUG_INFORMATION_FORMAT = dwarf;
				ENABLE_STRICT_OBJC_MSGSEND = YES;
				ENABLE_TESTABILITY = YES;
				ENABLE_USER_SCRIPT_SANDBOXING = YES;
				GCC_C_LANGUAGE_STANDARD = gnu17;
				GCC_DYNAMIC_NO_PIC = NO;
				GCC_NO_COMMON_BLOCKS = YES;
				GCC_OPTIMIZATION_LEVEL = 0;
				GCC_PREPROCESSOR_DEFINITIONS = (
					"DEBUG=1",
					"$(inherited)",
				);
				GCC_WARN_64_TO_32_BIT_CONVERSION = YES;
				GCC_WARN_ABOUT_RETURN_TYPE = YES_ERROR;
				GCC_WARN_UNDECLARED_SELECTOR = YES;
				GCC_WARN_UNINITIALIZED_AUTOS = YES_AGGRESSIVE;
				GCC_WARN_UNUSED_FUNCTION = YES;
				GCC_WARN_UNUSED_VARIABLE = YES;
				IPHONEOS_DEPLOYMENT_TARGET = 16.4;
				LOCALIZATION_PREFERS_STRING_CATALOGS = YES;
				MTL_ENABLE_DEBUG_INFO = INCLUDE_SOURCE;
				MTL_FAST_MATH = YES;
				ONLY_ACTIVE_ARCH = YES;
				SDKROOT = iphoneos;
				SWIFT_ACTIVE_COMPILATION_CONDITIONS = "DEBUG $(inherited)";
				SWIFT_OPTIMIZATION_LEVEL = "-Onone";
			};
			name = Debug;
		};
		2560F1802C746C19007009E2 /* Release */ = {
			isa = XCBuildConfiguration;
			baseConfigurationReferenceAnchor = 25064D122CAE8E1F00181796 /* Graduating */;
			baseConfigurationReferenceRelativePath = Secret.xcconfig;
			buildSettings = {
				ALWAYS_SEARCH_USER_PATHS = NO;
				ASSETCATALOG_COMPILER_GENERATE_SWIFT_ASSET_SYMBOL_EXTENSIONS = YES;
				CLANG_ANALYZER_NONNULL = YES;
				CLANG_ANALYZER_NUMBER_OBJECT_CONVERSION = YES_AGGRESSIVE;
				CLANG_CXX_LANGUAGE_STANDARD = "gnu++20";
				CLANG_ENABLE_MODULES = YES;
				CLANG_ENABLE_OBJC_ARC = YES;
				CLANG_ENABLE_OBJC_WEAK = YES;
				CLANG_WARN_BLOCK_CAPTURE_AUTORELEASING = YES;
				CLANG_WARN_BOOL_CONVERSION = YES;
				CLANG_WARN_COMMA = YES;
				CLANG_WARN_CONSTANT_CONVERSION = YES;
				CLANG_WARN_DEPRECATED_OBJC_IMPLEMENTATIONS = YES;
				CLANG_WARN_DIRECT_OBJC_ISA_USAGE = YES_ERROR;
				CLANG_WARN_DOCUMENTATION_COMMENTS = YES;
				CLANG_WARN_EMPTY_BODY = YES;
				CLANG_WARN_ENUM_CONVERSION = YES;
				CLANG_WARN_INFINITE_RECURSION = YES;
				CLANG_WARN_INT_CONVERSION = YES;
				CLANG_WARN_NON_LITERAL_NULL_CONVERSION = YES;
				CLANG_WARN_OBJC_IMPLICIT_RETAIN_SELF = YES;
				CLANG_WARN_OBJC_LITERAL_CONVERSION = YES;
				CLANG_WARN_OBJC_ROOT_CLASS = YES_ERROR;
				CLANG_WARN_QUOTED_INCLUDE_IN_FRAMEWORK_HEADER = YES;
				CLANG_WARN_RANGE_LOOP_ANALYSIS = YES;
				CLANG_WARN_STRICT_PROTOTYPES = YES;
				CLANG_WARN_SUSPICIOUS_MOVE = YES;
				CLANG_WARN_UNGUARDED_AVAILABILITY = YES_AGGRESSIVE;
				CLANG_WARN_UNREACHABLE_CODE = YES;
				CLANG_WARN__DUPLICATE_METHOD_MATCH = YES;
				COPY_PHASE_STRIP = NO;
				DEBUG_INFORMATION_FORMAT = "dwarf-with-dsym";
				ENABLE_NS_ASSERTIONS = NO;
				ENABLE_STRICT_OBJC_MSGSEND = YES;
				ENABLE_USER_SCRIPT_SANDBOXING = YES;
				GCC_C_LANGUAGE_STANDARD = gnu17;
				GCC_NO_COMMON_BLOCKS = YES;
				GCC_WARN_64_TO_32_BIT_CONVERSION = YES;
				GCC_WARN_ABOUT_RETURN_TYPE = YES_ERROR;
				GCC_WARN_UNDECLARED_SELECTOR = YES;
				GCC_WARN_UNINITIALIZED_AUTOS = YES_AGGRESSIVE;
				GCC_WARN_UNUSED_FUNCTION = YES;
				GCC_WARN_UNUSED_VARIABLE = YES;
				IPHONEOS_DEPLOYMENT_TARGET = 16.4;
				LOCALIZATION_PREFERS_STRING_CATALOGS = YES;
				MTL_ENABLE_DEBUG_INFO = NO;
				MTL_FAST_MATH = YES;
				SDKROOT = iphoneos;
				SWIFT_COMPILATION_MODE = wholemodule;
				VALIDATE_PRODUCT = YES;
			};
			name = Release;
		};
		2560F1822C746C19007009E2 /* Debug */ = {
			isa = XCBuildConfiguration;
			baseConfigurationReferenceAnchor = 25064D122CAE8E1F00181796 /* Graduating */;
			baseConfigurationReferenceRelativePath = Secret.xcconfig;
			buildSettings = {
				ASSETCATALOG_COMPILER_APPICON_NAME = AppIcon;
				ASSETCATALOG_COMPILER_GLOBAL_ACCENT_COLOR_NAME = AccentColor;
				CODE_SIGN_ENTITLEMENTS = Graduating/Graduating.entitlements;
				CODE_SIGN_STYLE = Automatic;
				CURRENT_PROJECT_VERSION = 1;
				DEVELOPMENT_ASSET_PATHS = "\"Graduating/Preview Content\"";
				DEVELOPMENT_TEAM = B42SPPS3PR;
				ENABLE_PREVIEWS = YES;
				GENERATE_INFOPLIST_FILE = YES;
				INFOPLIST_FILE = Graduating/Info.plist;
				INFOPLIST_KEY_CFBundleDisplayName = "졸업이당";
				INFOPLIST_KEY_NSUserTrackingUsageDescription = "\"졸업이당\"에서 사용자에게 맞춤 광고를 제공하기 위해 정보를 수집하려 합니다";
				INFOPLIST_KEY_UIApplicationSceneManifest_Generation = YES;
				INFOPLIST_KEY_UIApplicationSupportsIndirectInputEvents = YES;
				INFOPLIST_KEY_UILaunchScreen_Generation = YES;
				INFOPLIST_KEY_UISupportedInterfaceOrientations = UIInterfaceOrientationPortrait;
				INFOPLIST_KEY_UISupportedInterfaceOrientations_iPad = "UIInterfaceOrientationLandscapeLeft UIInterfaceOrientationLandscapeRight UIInterfaceOrientationPortrait UIInterfaceOrientationPortraitUpsideDown";
				IPHONEOS_DEPLOYMENT_TARGET = 16.0;
				LD_RUNPATH_SEARCH_PATHS = (
					"$(inherited)",
					"@executable_path/Frameworks",
				);
				MARKETING_VERSION = 1.4.0;
				PRODUCT_BUNDLE_IDENTIFIER = com.bestswlkh0310.graduating.Graduating;
				PRODUCT_NAME = "$(TARGET_NAME)";
				SUPPORTED_PLATFORMS = "iphoneos iphonesimulator";
				SUPPORTS_MACCATALYST = NO;
				SUPPORTS_MAC_DESIGNED_FOR_IPHONE_IPAD = NO;
				SUPPORTS_XR_DESIGNED_FOR_IPHONE_IPAD = NO;
				SWIFT_EMIT_LOC_STRINGS = YES;
				SWIFT_VERSION = 5.0;
				TARGETED_DEVICE_FAMILY = 1;
			};
			name = Debug;
		};
		2560F1832C746C19007009E2 /* Release */ = {
			isa = XCBuildConfiguration;
			baseConfigurationReferenceAnchor = 25064D122CAE8E1F00181796 /* Graduating */;
			baseConfigurationReferenceRelativePath = Secret.xcconfig;
			buildSettings = {
				ASSETCATALOG_COMPILER_APPICON_NAME = AppIcon;
				ASSETCATALOG_COMPILER_GLOBAL_ACCENT_COLOR_NAME = AccentColor;
				CODE_SIGN_ENTITLEMENTS = Graduating/Graduating.entitlements;
				CODE_SIGN_STYLE = Automatic;
				CURRENT_PROJECT_VERSION = 1;
				DEVELOPMENT_ASSET_PATHS = "\"Graduating/Preview Content\"";
				DEVELOPMENT_TEAM = B42SPPS3PR;
				ENABLE_PREVIEWS = YES;
				GENERATE_INFOPLIST_FILE = YES;
				INFOPLIST_FILE = Graduating/Info.plist;
				INFOPLIST_KEY_CFBundleDisplayName = "졸업이당";
				INFOPLIST_KEY_NSUserTrackingUsageDescription = "\"졸업이당\"에서 사용자에게 맞춤 광고를 제공하기 위해 정보를 수집하려 합니다";
				INFOPLIST_KEY_UIApplicationSceneManifest_Generation = YES;
				INFOPLIST_KEY_UIApplicationSupportsIndirectInputEvents = YES;
				INFOPLIST_KEY_UILaunchScreen_Generation = YES;
				INFOPLIST_KEY_UISupportedInterfaceOrientations = UIInterfaceOrientationPortrait;
				INFOPLIST_KEY_UISupportedInterfaceOrientations_iPad = "UIInterfaceOrientationLandscapeLeft UIInterfaceOrientationLandscapeRight UIInterfaceOrientationPortrait UIInterfaceOrientationPortraitUpsideDown";
				IPHONEOS_DEPLOYMENT_TARGET = 16.0;
				LD_RUNPATH_SEARCH_PATHS = (
					"$(inherited)",
					"@executable_path/Frameworks",
				);
				MARKETING_VERSION = 1.4.0;
				PRODUCT_BUNDLE_IDENTIFIER = com.bestswlkh0310.graduating.Graduating;
				PRODUCT_NAME = "$(TARGET_NAME)";
				SUPPORTED_PLATFORMS = "iphoneos iphonesimulator";
				SUPPORTS_MACCATALYST = NO;
				SUPPORTS_MAC_DESIGNED_FOR_IPHONE_IPAD = NO;
				SUPPORTS_XR_DESIGNED_FOR_IPHONE_IPAD = NO;
				SWIFT_EMIT_LOC_STRINGS = YES;
				SWIFT_VERSION = 5.0;
				TARGETED_DEVICE_FAMILY = 1;
			};
			name = Release;
		};
		258172BB2C7A10D100D2691E /* Debug */ = {
			isa = XCBuildConfiguration;
			baseConfigurationReferenceAnchor = 25064D122CAE8E1F00181796 /* Graduating */;
			baseConfigurationReferenceRelativePath = Secret.xcconfig;
			buildSettings = {
				ASSETCATALOG_COMPILER_GLOBAL_ACCENT_COLOR_NAME = AccentColor;
				ASSETCATALOG_COMPILER_WIDGET_BACKGROUND_COLOR_NAME = WidgetBackground;
				CODE_SIGN_ENTITLEMENTS = "Graduating-WidgetExtension.entitlements";
				CODE_SIGN_STYLE = Automatic;
				CURRENT_PROJECT_VERSION = 1;
				DEVELOPMENT_TEAM = B42SPPS3PR;
				GENERATE_INFOPLIST_FILE = YES;
				INFOPLIST_FILE = "Graduating-Widget/Info.plist";
				INFOPLIST_KEY_CFBundleDisplayName = "Graduating-Widget";
				INFOPLIST_KEY_NSHumanReadableCopyright = "";
				IPHONEOS_DEPLOYMENT_TARGET = 16.0;
				LD_RUNPATH_SEARCH_PATHS = (
					"$(inherited)",
					"@executable_path/Frameworks",
					"@executable_path/../../Frameworks",
				);
				MARKETING_VERSION = 1.0;
				PRODUCT_BUNDLE_IDENTIFIER = "com.bestswlkh0310.graduating.Graduating.Graduating-Widget";
				PRODUCT_NAME = "$(TARGET_NAME)";
				SKIP_INSTALL = YES;
				SUPPORTED_PLATFORMS = "iphoneos iphonesimulator";
				SUPPORTS_MACCATALYST = NO;
				SUPPORTS_MAC_DESIGNED_FOR_IPHONE_IPAD = NO;
				SUPPORTS_XR_DESIGNED_FOR_IPHONE_IPAD = NO;
				SWIFT_EMIT_LOC_STRINGS = YES;
				SWIFT_VERSION = 5.0;
				TARGETED_DEVICE_FAMILY = 1;
			};
			name = Debug;
		};
		258172BC2C7A10D100D2691E /* Release */ = {
			isa = XCBuildConfiguration;
			baseConfigurationReferenceAnchor = 25064D122CAE8E1F00181796 /* Graduating */;
			baseConfigurationReferenceRelativePath = Secret.xcconfig;
			buildSettings = {
				ASSETCATALOG_COMPILER_GLOBAL_ACCENT_COLOR_NAME = AccentColor;
				ASSETCATALOG_COMPILER_WIDGET_BACKGROUND_COLOR_NAME = WidgetBackground;
				CODE_SIGN_ENTITLEMENTS = "Graduating-WidgetExtension.entitlements";
				CODE_SIGN_STYLE = Automatic;
				CURRENT_PROJECT_VERSION = 1;
				DEVELOPMENT_TEAM = B42SPPS3PR;
				GENERATE_INFOPLIST_FILE = YES;
				INFOPLIST_FILE = "Graduating-Widget/Info.plist";
				INFOPLIST_KEY_CFBundleDisplayName = "Graduating-Widget";
				INFOPLIST_KEY_NSHumanReadableCopyright = "";
				IPHONEOS_DEPLOYMENT_TARGET = 16.0;
				LD_RUNPATH_SEARCH_PATHS = (
					"$(inherited)",
					"@executable_path/Frameworks",
					"@executable_path/../../Frameworks",
				);
				MARKETING_VERSION = 1.0;
				PRODUCT_BUNDLE_IDENTIFIER = "com.bestswlkh0310.graduating.Graduating.Graduating-Widget";
				PRODUCT_NAME = "$(TARGET_NAME)";
				SKIP_INSTALL = YES;
				SUPPORTED_PLATFORMS = "iphoneos iphonesimulator";
				SUPPORTS_MACCATALYST = NO;
				SUPPORTS_MAC_DESIGNED_FOR_IPHONE_IPAD = NO;
				SUPPORTS_XR_DESIGNED_FOR_IPHONE_IPAD = NO;
				SWIFT_EMIT_LOC_STRINGS = YES;
				SWIFT_VERSION = 5.0;
				TARGETED_DEVICE_FAMILY = 1;
			};
			name = Release;
		};
		258172CE2C7A12B800D2691E /* Debug */ = {
			isa = XCBuildConfiguration;
			baseConfigurationReferenceAnchor = 25064D122CAE8E1F00181796 /* Graduating */;
			baseConfigurationReferenceRelativePath = Secret.xcconfig;
			buildSettings = {
				CODE_SIGN_STYLE = Automatic;
				DEVELOPMENT_TEAM = B42SPPS3PR;
				IPHONEOS_DEPLOYMENT_TARGET = 16.0;
				OTHER_LDFLAGS = "-ObjC";
				PRODUCT_NAME = "$(TARGET_NAME)";
				SKIP_INSTALL = YES;
				SWIFT_VERSION = 5.0;
				TARGETED_DEVICE_FAMILY = "1,2";
			};
			name = Debug;
		};
		258172CF2C7A12B800D2691E /* Release */ = {
			isa = XCBuildConfiguration;
			baseConfigurationReferenceAnchor = 25064D122CAE8E1F00181796 /* Graduating */;
			baseConfigurationReferenceRelativePath = Secret.xcconfig;
			buildSettings = {
				CODE_SIGN_STYLE = Automatic;
				DEVELOPMENT_TEAM = B42SPPS3PR;
				IPHONEOS_DEPLOYMENT_TARGET = 16.0;
				OTHER_LDFLAGS = "-ObjC";
				PRODUCT_NAME = "$(TARGET_NAME)";
				SKIP_INSTALL = YES;
				SWIFT_VERSION = 5.0;
				TARGETED_DEVICE_FAMILY = "1,2";
			};
			name = Release;
		};
		25C962B32C7B062A00EB872E /* Debug */ = {
			isa = XCBuildConfiguration;
			baseConfigurationReferenceAnchor = 25064D122CAE8E1F00181796 /* Graduating */;
			baseConfigurationReferenceRelativePath = Secret.xcconfig;
			buildSettings = {
				CODE_SIGN_STYLE = Automatic;
				DEVELOPMENT_TEAM = B42SPPS3PR;
				IPHONEOS_DEPLOYMENT_TARGET = 16.0;
				OTHER_LDFLAGS = "-ObjC";
				PRODUCT_NAME = "$(TARGET_NAME)";
				SKIP_INSTALL = YES;
				SWIFT_VERSION = 5.0;
				TARGETED_DEVICE_FAMILY = "1,2";
			};
			name = Debug;
		};
		25C962B42C7B062A00EB872E /* Release */ = {
			isa = XCBuildConfiguration;
			baseConfigurationReferenceAnchor = 25064D122CAE8E1F00181796 /* Graduating */;
			baseConfigurationReferenceRelativePath = Secret.xcconfig;
			buildSettings = {
				CODE_SIGN_STYLE = Automatic;
				DEVELOPMENT_TEAM = B42SPPS3PR;
				IPHONEOS_DEPLOYMENT_TARGET = 16.0;
				OTHER_LDFLAGS = "-ObjC";
				PRODUCT_NAME = "$(TARGET_NAME)";
				SKIP_INSTALL = YES;
				SWIFT_VERSION = 5.0;
				TARGETED_DEVICE_FAMILY = "1,2";
			};
			name = Release;
		};
/* End XCBuildConfiguration section */

/* Begin XCConfigurationList section */
		2560F16E2C746C16007009E2 /* Build configuration list for PBXProject "Graduating" */ = {
			isa = XCConfigurationList;
			buildConfigurations = (
				2560F17F2C746C19007009E2 /* Debug */,
				2560F1802C746C19007009E2 /* Release */,
			);
			defaultConfigurationIsVisible = 0;
			defaultConfigurationName = Release;
		};
		2560F1812C746C19007009E2 /* Build configuration list for PBXNativeTarget "Graduating" */ = {
			isa = XCConfigurationList;
			buildConfigurations = (
				2560F1822C746C19007009E2 /* Debug */,
				2560F1832C746C19007009E2 /* Release */,
			);
			defaultConfigurationIsVisible = 0;
			defaultConfigurationName = Release;
		};
		258172BA2C7A10D100D2691E /* Build configuration list for PBXNativeTarget "Graduating-WidgetExtension" */ = {
			isa = XCConfigurationList;
			buildConfigurations = (
				258172BB2C7A10D100D2691E /* Debug */,
				258172BC2C7A10D100D2691E /* Release */,
			);
			defaultConfigurationIsVisible = 0;
			defaultConfigurationName = Release;
		};
		258172CD2C7A12B800D2691E /* Build configuration list for PBXNativeTarget "Shared" */ = {
			isa = XCConfigurationList;
			buildConfigurations = (
				258172CE2C7A12B800D2691E /* Debug */,
				258172CF2C7A12B800D2691E /* Release */,
			);
			defaultConfigurationIsVisible = 0;
			defaultConfigurationName = Release;
		};
		25C962B52C7B062A00EB872E /* Build configuration list for PBXNativeTarget "Data" */ = {
			isa = XCConfigurationList;
			buildConfigurations = (
				25C962B32C7B062A00EB872E /* Debug */,
				25C962B42C7B062A00EB872E /* Release */,
			);
			defaultConfigurationIsVisible = 0;
			defaultConfigurationName = Release;
		};
/* End XCConfigurationList section */

/* Begin XCRemoteSwiftPackageReference section */
		2502587E2CB3CF4700ADCF68 /* XCRemoteSwiftPackageReference "swift-package-manager-google-mobile-ads" */ = {
			isa = XCRemoteSwiftPackageReference;
			repositoryURL = "https://github.com/googleads/swift-package-manager-google-mobile-ads";
			requirement = {
				kind = upToNextMajorVersion;
				minimumVersion = 11.10.0;
			};
		};
		25064D372CAEFEFF00181796 /* XCRemoteSwiftPackageReference "GoogleSignIn-iOS" */ = {
			isa = XCRemoteSwiftPackageReference;
			repositoryURL = "https://github.com/google/GoogleSignIn-iOS";
			requirement = {
				kind = upToNextMajorVersion;
				minimumVersion = 8.0.0;
			};
		};
		25064DD92CAF862D00181796 /* XCRemoteSwiftPackageReference "SignKit" */ = {
			isa = XCRemoteSwiftPackageReference;
			repositoryURL = "https://github.com/hhhello0507/SignKit";
			requirement = {
				branch = main;
				kind = branch;
			};
		};
		250FD0832C74AF100070503B /* XCRemoteSwiftPackageReference "Moya" */ = {
			isa = XCRemoteSwiftPackageReference;
			repositoryURL = "https://github.com/Moya/Moya";
			requirement = {
				kind = upToNextMajorVersion;
				minimumVersion = 15.0.3;
			};
		};
		253DC2A32C7EB0A30047C401 /* XCRemoteSwiftPackageReference "my-ios-kit" */ = {
			isa = XCRemoteSwiftPackageReference;
			repositoryURL = "https://github.com/hhhello0507/my-ios-kit";
			requirement = {
				kind = upToNextMajorVersion;
				minimumVersion = 1.4.0;
			};
		};
		253DC2B02C7EBEAC0047C401 /* XCRemoteSwiftPackageReference "my-ios-kit" */ = {
			isa = XCRemoteSwiftPackageReference;
			repositoryURL = "https://github.com/hhhello0507/my-ios-kit";
			requirement = {
				branch = main;
				kind = branch;
			};
		};
		25A6498E2CB351400015AADB /* XCRemoteSwiftPackageReference "ScopeKit" */ = {
			isa = XCRemoteSwiftPackageReference;
			repositoryURL = "https://github.com/hhhello0507/ScopeKit";
			requirement = {
				branch = main;
				kind = branch;
			};
		};
/* End XCRemoteSwiftPackageReference section */

/* Begin XCSwiftPackageProductDependency section */
		2502587C2CB3C2FB00ADCF68 /* SignKit */ = {
			isa = XCSwiftPackageProductDependency;
			package = 25064DD92CAF862D00181796 /* XCRemoteSwiftPackageReference "SignKit" */;
			productName = SignKit;
		};
		2502587F2CB3CF4700ADCF68 /* GoogleMobileAds */ = {
			isa = XCSwiftPackageProductDependency;
			package = 2502587E2CB3CF4700ADCF68 /* XCRemoteSwiftPackageReference "swift-package-manager-google-mobile-ads" */;
			productName = GoogleMobileAds;
		};
		25064D382CAEFEFF00181796 /* GoogleSignIn */ = {
			isa = XCSwiftPackageProductDependency;
			package = 25064D372CAEFEFF00181796 /* XCRemoteSwiftPackageReference "GoogleSignIn-iOS" */;
			productName = GoogleSignIn;
		};
		25064D3A2CAEFEFF00181796 /* GoogleSignInSwift */ = {
			isa = XCSwiftPackageProductDependency;
			package = 25064D372CAEFEFF00181796 /* XCRemoteSwiftPackageReference "GoogleSignIn-iOS" */;
			productName = GoogleSignInSwift;
		};
		25064DDA2CAF862D00181796 /* SignKit */ = {
			isa = XCSwiftPackageProductDependency;
			package = 25064DD92CAF862D00181796 /* XCRemoteSwiftPackageReference "SignKit" */;
			productName = SignKit;
		};
		250EAE232C7DE05500D9FF5E /* CombineMoya */ = {
			isa = XCSwiftPackageProductDependency;
			package = 250FD0832C74AF100070503B /* XCRemoteSwiftPackageReference "Moya" */;
			productName = CombineMoya;
		};
		250EAE252C7DE05500D9FF5E /* Moya */ = {
			isa = XCSwiftPackageProductDependency;
			package = 250FD0832C74AF100070503B /* XCRemoteSwiftPackageReference "Moya" */;
			productName = Moya;
		};
		250FD0842C74AF100070503B /* CombineMoya */ = {
			isa = XCSwiftPackageProductDependency;
			package = 250FD0832C74AF100070503B /* XCRemoteSwiftPackageReference "Moya" */;
			productName = CombineMoya;
		};
		250FD0862C74AF100070503B /* Moya */ = {
			isa = XCSwiftPackageProductDependency;
			package = 250FD0832C74AF100070503B /* XCRemoteSwiftPackageReference "Moya" */;
			productName = Moya;
		};
		253DC2A82C7EB0B50047C401 /* MyShared */ = {
			isa = XCSwiftPackageProductDependency;
			package = 253DC2A32C7EB0A30047C401 /* XCRemoteSwiftPackageReference "my-ios-kit" */;
			productName = MyShared;
		};
		253DC2AA2C7EB0D00047C401 /* MyDesignSystem */ = {
			isa = XCSwiftPackageProductDependency;
			package = 253DC2A32C7EB0A30047C401 /* XCRemoteSwiftPackageReference "my-ios-kit" */;
			productName = MyDesignSystem;
		};
		253DC2B12C7EBEAC0047C401 /* MyDesignSystem */ = {
			isa = XCSwiftPackageProductDependency;
			package = 253DC2B02C7EBEAC0047C401 /* XCRemoteSwiftPackageReference "my-ios-kit" */;
			productName = MyDesignSystem;
		};
		253DC2B32C7EBEAC0047C401 /* MyMoya */ = {
			isa = XCSwiftPackageProductDependency;
			package = 253DC2B02C7EBEAC0047C401 /* XCRemoteSwiftPackageReference "my-ios-kit" */;
			productName = MyMoya;
		};
		253DC2B52C7EBEAC0047C401 /* MyShared */ = {
			isa = XCSwiftPackageProductDependency;
			package = 253DC2B02C7EBEAC0047C401 /* XCRemoteSwiftPackageReference "my-ios-kit" */;
			productName = MyShared;
		};
		253DC2B72C7EBEB30047C401 /* MyDesignSystem */ = {
			isa = XCSwiftPackageProductDependency;
			package = 253DC2B02C7EBEAC0047C401 /* XCRemoteSwiftPackageReference "my-ios-kit" */;
			productName = MyDesignSystem;
		};
		25A6498F2CB351410015AADB /* ScopeKit */ = {
			isa = XCSwiftPackageProductDependency;
			package = 25A6498E2CB351400015AADB /* XCRemoteSwiftPackageReference "ScopeKit" */;
			productName = ScopeKit;
		};
		25D927802C7DCFEB008DB5B8 /* CombineMoya */ = {
			isa = XCSwiftPackageProductDependency;
			package = 250FD0832C74AF100070503B /* XCRemoteSwiftPackageReference "Moya" */;
			productName = CombineMoya;
		};
		25D927822C7DCFEB008DB5B8 /* Moya */ = {
			isa = XCSwiftPackageProductDependency;
			package = 250FD0832C74AF100070503B /* XCRemoteSwiftPackageReference "Moya" */;
			productName = Moya;
		};
/* End XCSwiftPackageProductDependency section */
	};
	rootObject = 2560F16B2C746C16007009E2 /* Project object */;
}
