// !$*UTF8*$!
{
	archiveVersion = 1;
	classes = {
	};
	objectVersion = 56;
	objects = {

/* Begin PBXBuildFile section */
		250364452C762BDC00A93625 /* SearchSchoolContainer.swift in Sources */ = {isa = PBXBuildFile; fileRef = 250364442C762BDC00A93625 /* SearchSchoolContainer.swift */; };
		250EAE242C7DE05500D9FF5E /* CombineMoya in Frameworks */ = {isa = PBXBuildFile; productRef = 250EAE232C7DE05500D9FF5E /* CombineMoya */; };
		250EAE262C7DE05500D9FF5E /* Moya in Frameworks */ = {isa = PBXBuildFile; productRef = 250EAE252C7DE05500D9FF5E /* Moya */; };
		250F33D52C7F3D34001FCFCB /* Meal.swift in Sources */ = {isa = PBXBuildFile; fileRef = 250F33D42C7F3D34001FCFCB /* Meal.swift */; };
		250F33D72C7F3D5D001FCFCB /* MealType.swift in Sources */ = {isa = PBXBuildFile; fileRef = 250F33D62C7F3D5D001FCFCB /* MealType.swift */; };
		250F33DA2C7F3E38001FCFCB /* HomeInfoContainer.swift in Sources */ = {isa = PBXBuildFile; fileRef = 250F33D92C7F3E38001FCFCB /* HomeInfoContainer.swift */; };
		250F33DC2C7F3EA0001FCFCB /* HomeGraduatingContainer.swift in Sources */ = {isa = PBXBuildFile; fileRef = 250F33DB2C7F3EA0001FCFCB /* HomeGraduatingContainer.swift */; };
		250F33DE2C7F3F3D001FCFCB /* MealViewModel.swift in Sources */ = {isa = PBXBuildFile; fileRef = 250F33DD2C7F3F3D001FCFCB /* MealViewModel.swift */; };
		250F33E12C7F3FFC001FCFCB /* MealService.swift in Sources */ = {isa = PBXBuildFile; fileRef = 250F33E02C7F3FFC001FCFCB /* MealService.swift */; };
		250F33E72C7F401F001FCFCB /* EndpointExt.swift in Sources */ = {isa = PBXBuildFile; fileRef = 250F33E62C7F401F001FCFCB /* EndpointExt.swift */; };
		250F33E92C7F407D001FCFCB /* FetchMealReq.swift in Sources */ = {isa = PBXBuildFile; fileRef = 250F33E82C7F407D001FCFCB /* FetchMealReq.swift */; };
		250F33EB2C7F4089001FCFCB /* ReqProtocol.swift in Sources */ = {isa = PBXBuildFile; fileRef = 250F33EA2C7F4089001FCFCB /* ReqProtocol.swift */; };
		250F33EE2C7F414D001FCFCB /* Result.swift in Sources */ = {isa = PBXBuildFile; fileRef = 250F33ED2C7F414D001FCFCB /* Result.swift */; };
		250F33F02C7F447E001FCFCB /* ScopeExt.swift in Sources */ = {isa = PBXBuildFile; fileRef = 250F33EF2C7F447E001FCFCB /* ScopeExt.swift */; };
		250F33F22C7F451C001FCFCB /* HomeMealContainer.swift in Sources */ = {isa = PBXBuildFile; fileRef = 250F33F12C7F451C001FCFCB /* HomeMealContainer.swift */; };
		250FD0852C74AF100070503B /* CombineMoya in Frameworks */ = {isa = PBXBuildFile; productRef = 250FD0842C74AF100070503B /* CombineMoya */; };
		250FD0872C74AF100070503B /* Moya in Frameworks */ = {isa = PBXBuildFile; productRef = 250FD0862C74AF100070503B /* Moya */; };
		253DC2992C7EAB3C0047C401 /* UserDefaultsExt.swift in Sources */ = {isa = PBXBuildFile; fileRef = 253DC2982C7EAB3C0047C401 /* UserDefaultsExt.swift */; };
		253DC2B22C7EBEAC0047C401 /* MyDesignSystem in Frameworks */ = {isa = PBXBuildFile; productRef = 253DC2B12C7EBEAC0047C401 /* MyDesignSystem */; };
		253DC2B42C7EBEAC0047C401 /* MyMoya in Frameworks */ = {isa = PBXBuildFile; productRef = 253DC2B32C7EBEAC0047C401 /* MyMoya */; };
		253DC2B62C7EBEAC0047C401 /* MyShared in Frameworks */ = {isa = PBXBuildFile; productRef = 253DC2B52C7EBEAC0047C401 /* MyShared */; };
		253DC2B82C7EBEB30047C401 /* MyDesignSystem in Frameworks */ = {isa = PBXBuildFile; productRef = 253DC2B72C7EBEB30047C401 /* MyDesignSystem */; };
		253DC2BC2C7ED21C0047C401 /* SchoolType.swift in Sources */ = {isa = PBXBuildFile; fileRef = 253DC2BB2C7ED21C0047C401 /* SchoolType.swift */; };
		2560F1772C746C16007009E2 /* GraduatingApp.swift in Sources */ = {isa = PBXBuildFile; fileRef = 2560F1762C746C16007009E2 /* GraduatingApp.swift */; };
		2560F17B2C746C19007009E2 /* Assets.xcassets in Resources */ = {isa = PBXBuildFile; fileRef = 2560F17A2C746C19007009E2 /* Assets.xcassets */; };
		2560F17E2C746C19007009E2 /* Preview Assets.xcassets in Resources */ = {isa = PBXBuildFile; fileRef = 2560F17D2C746C19007009E2 /* Preview Assets.xcassets */; };
		2560F1882C746C64007009E2 /* OnboardingFirstView.swift in Sources */ = {isa = PBXBuildFile; fileRef = 2560F1872C746C64007009E2 /* OnboardingFirstView.swift */; };
		2560F18B2C746E24007009E2 /* EditGradeView.swift in Sources */ = {isa = PBXBuildFile; fileRef = 2560F18A2C746E24007009E2 /* EditGradeView.swift */; };
		2560F18F2C746E91007009E2 /* OnboardingCoordinator.swift in Sources */ = {isa = PBXBuildFile; fileRef = 2560F18E2C746E91007009E2 /* OnboardingCoordinator.swift */; };
		2560F1922C746EEC007009E2 /* Router.swift in Sources */ = {isa = PBXBuildFile; fileRef = 2560F1912C746EEC007009E2 /* Router.swift */; };
		2560F1982C747226007009E2 /* MainView.swift in Sources */ = {isa = PBXBuildFile; fileRef = 2560F1972C747226007009E2 /* MainView.swift */; };
		2560F19D2C7473D3007009E2 /* HomeView.swift in Sources */ = {isa = PBXBuildFile; fileRef = 2560F19C2C7473D3007009E2 /* HomeView.swift */; };
		2581724C2C78009100D2691E /* EditSchoolView.swift in Sources */ = {isa = PBXBuildFile; fileRef = 2581724B2C78009100D2691E /* EditSchoolView.swift */; };
		258172522C78014D00D2691E /* SearchSchoolViewModel.swift in Sources */ = {isa = PBXBuildFile; fileRef = 258172512C78014D00D2691E /* SearchSchoolViewModel.swift */; };
		2581725A2C78146000D2691E /* MainCoordinator.swift in Sources */ = {isa = PBXBuildFile; fileRef = 258172592C78146000D2691E /* MainCoordinator.swift */; };
		258172AC2C7A10CF00D2691E /* WidgetKit.framework in Frameworks */ = {isa = PBXBuildFile; fileRef = 258172AB2C7A10CF00D2691E /* WidgetKit.framework */; };
		258172AE2C7A10CF00D2691E /* SwiftUI.framework in Frameworks */ = {isa = PBXBuildFile; fileRef = 258172AD2C7A10CF00D2691E /* SwiftUI.framework */; };
		258172B12C7A10CF00D2691E /* Graduating_WidgetBundle.swift in Sources */ = {isa = PBXBuildFile; fileRef = 258172B02C7A10CF00D2691E /* Graduating_WidgetBundle.swift */; };
		258172B32C7A10CF00D2691E /* Graduating_Widget.swift in Sources */ = {isa = PBXBuildFile; fileRef = 258172B22C7A10CF00D2691E /* Graduating_Widget.swift */; };
		258172B52C7A10D100D2691E /* Assets.xcassets in Resources */ = {isa = PBXBuildFile; fileRef = 258172B42C7A10D100D2691E /* Assets.xcassets */; };
		258172B92C7A10D100D2691E /* Graduating-WidgetExtension.appex in Embed Foundation Extensions */ = {isa = PBXBuildFile; fileRef = 258172A92C7A10CF00D2691E /* Graduating-WidgetExtension.appex */; settings = {ATTRIBUTES = (RemoveHeadersOnCopy, ); }; };
		258172C12C7A118400D2691E /* GraduatingEntry.swift in Sources */ = {isa = PBXBuildFile; fileRef = 258172BE2C7A115B00D2691E /* GraduatingEntry.swift */; };
		258172C42C7A11E600D2691E /* GraduatingProvider.swift in Sources */ = {isa = PBXBuildFile; fileRef = 258172C32C7A11E600D2691E /* GraduatingProvider.swift */; };
		258172D02C7A12CC00D2691E /* libShared.a in Frameworks */ = {isa = PBXBuildFile; fileRef = 258172C92C7A12B800D2691E /* libShared.a */; };
		258172D32C7A12D300D2691E /* libShared.a in Frameworks */ = {isa = PBXBuildFile; fileRef = 258172C92C7A12B800D2691E /* libShared.a */; };
		258172D82C7A147200D2691E /* GraduatingViewModel.swift in Sources */ = {isa = PBXBuildFile; fileRef = 258172D72C7A147200D2691E /* GraduatingViewModel.swift */; };
		258172EF2C7A175400D2691E /* School.swift in Sources */ = {isa = PBXBuildFile; fileRef = 25C4CCFB2C74B47700DB83B3 /* School.swift */; };
		258172F02C7A177400D2691E /* ModelProtocol.swift in Sources */ = {isa = PBXBuildFile; fileRef = 250364422C762B6700A93625 /* ModelProtocol.swift */; };
		258172F42C7A18AB00D2691E /* Graduating.swift in Sources */ = {isa = PBXBuildFile; fileRef = 258172F32C7A18AB00D2691E /* Graduating.swift */; };
		25C4CCF52C74B30600DB83B3 /* Then in Frameworks */ = {isa = PBXBuildFile; productRef = 25C4CCF42C74B30600DB83B3 /* Then */; };
		25C4CCFF2C74B5DB00DB83B3 /* SchoolCell.swift in Sources */ = {isa = PBXBuildFile; fileRef = 25C4CCFE2C74B5DB00DB83B3 /* SchoolCell.swift */; };
		25C4CD062C74E1BC00DB83B3 /* AppState.swift in Sources */ = {isa = PBXBuildFile; fileRef = 25C4CD052C74E1BC00DB83B3 /* AppState.swift */; };
		25C4CD092C74E3B800DB83B3 /* ProfileView.swift in Sources */ = {isa = PBXBuildFile; fileRef = 25C4CD082C74E3B800DB83B3 /* ProfileView.swift */; };
		25C962BB2C7B068700EB872E /* SchoolService.swift in Sources */ = {isa = PBXBuildFile; fileRef = 25C4CCF82C74B44100DB83B3 /* SchoolService.swift */; };
		25C962BD2C7B068700EB872E /* UserDefaultsType.swift in Sources */ = {isa = PBXBuildFile; fileRef = 2560F1942C74710B007009E2 /* UserDefaultsType.swift */; };
		25C962BE2C7B068700EB872E /* Secret.swift in Sources */ = {isa = PBXBuildFile; fileRef = 25F845702C760C1E00185A60 /* Secret.swift */; };
		25C962CA2C7B071800EB872E /* DateComponentsExt.swift in Sources */ = {isa = PBXBuildFile; fileRef = 258172CB2C7A12B800D2691E /* DateComponentsExt.swift */; };
		25C962CC2C7B071800EB872E /* DateUtil.swift in Sources */ = {isa = PBXBuildFile; fileRef = 2560F1A22C748475007009E2 /* DateUtil.swift */; };
		25C962CE2C7B071800EB872E /* DateExt.swift in Sources */ = {isa = PBXBuildFile; fileRef = 258172D92C7A168400D2691E /* DateExt.swift */; };
		25C962D12C7B07C000EB872E /* libModel.a in Frameworks */ = {isa = PBXBuildFile; fileRef = 258172E32C7A16EA00D2691E /* libModel.a */; };
		25C962D42C7B07C500EB872E /* libData.a in Frameworks */ = {isa = PBXBuildFile; fileRef = 25C962AF2C7B062900EB872E /* libData.a */; };
		25C962D72C7B07F800EB872E /* libData.a in Frameworks */ = {isa = PBXBuildFile; fileRef = 25C962AF2C7B062900EB872E /* libData.a */; };
		25C962DA2C7B07F800EB872E /* libModel.a in Frameworks */ = {isa = PBXBuildFile; fileRef = 258172E32C7A16EA00D2691E /* libModel.a */; };
		25C962E02C7B0D0300EB872E /* Then in Frameworks */ = {isa = PBXBuildFile; productRef = 25C962DF2C7B0D0300EB872E /* Then */; };
/* End PBXBuildFile section */

/* Begin PBXContainerItemProxy section */
		258172B72C7A10D100D2691E /* PBXContainerItemProxy */ = {
			isa = PBXContainerItemProxy;
			containerPortal = 2560F16B2C746C16007009E2 /* Project object */;
			proxyType = 1;
			remoteGlobalIDString = 258172A82C7A10CF00D2691E;
			remoteInfo = "Graduating-WidgetExtension";
		};
		258172D12C7A12CC00D2691E /* PBXContainerItemProxy */ = {
			isa = PBXContainerItemProxy;
			containerPortal = 2560F16B2C746C16007009E2 /* Project object */;
			proxyType = 1;
			remoteGlobalIDString = 258172C82C7A12B800D2691E;
			remoteInfo = Shared;
		};
		258172D42C7A12D300D2691E /* PBXContainerItemProxy */ = {
			isa = PBXContainerItemProxy;
			containerPortal = 2560F16B2C746C16007009E2 /* Project object */;
			proxyType = 1;
			remoteGlobalIDString = 258172C82C7A12B800D2691E;
			remoteInfo = Shared;
		};
		258172EC2C7A173E00D2691E /* PBXContainerItemProxy */ = {
			isa = PBXContainerItemProxy;
			containerPortal = 2560F16B2C746C16007009E2 /* Project object */;
			proxyType = 1;
			remoteGlobalIDString = 258172E22C7A16EA00D2691E;
			remoteInfo = Model;
		};
		258172F52C7A18D900D2691E /* PBXContainerItemProxy */ = {
			isa = PBXContainerItemProxy;
			containerPortal = 2560F16B2C746C16007009E2 /* Project object */;
			proxyType = 1;
			remoteGlobalIDString = 258172E22C7A16EA00D2691E;
			remoteInfo = Model;
		};
		258172F72C7A19C700D2691E /* PBXContainerItemProxy */ = {
			isa = PBXContainerItemProxy;
			containerPortal = 2560F16B2C746C16007009E2 /* Project object */;
			proxyType = 1;
			remoteGlobalIDString = 258172E22C7A16EA00D2691E;
			remoteInfo = Model;
		};
		25C962B62C7B063E00EB872E /* PBXContainerItemProxy */ = {
			isa = PBXContainerItemProxy;
			containerPortal = 2560F16B2C746C16007009E2 /* Project object */;
			proxyType = 1;
			remoteGlobalIDString = 258172C82C7A12B800D2691E;
			remoteInfo = Shared;
		};
		25C962B82C7B064500EB872E /* PBXContainerItemProxy */ = {
			isa = PBXContainerItemProxy;
			containerPortal = 2560F16B2C746C16007009E2 /* Project object */;
			proxyType = 1;
			remoteGlobalIDString = 25C962AE2C7B062900EB872E;
			remoteInfo = Data;
		};
		25C962D82C7B07F800EB872E /* PBXContainerItemProxy */ = {
			isa = PBXContainerItemProxy;
			containerPortal = 2560F16B2C746C16007009E2 /* Project object */;
			proxyType = 1;
			remoteGlobalIDString = 25C962AE2C7B062900EB872E;
			remoteInfo = Data;
		};
/* End PBXContainerItemProxy section */

/* Begin PBXCopyFilesBuildPhase section */
		258172BD2C7A10D100D2691E /* Embed Foundation Extensions */ = {
			isa = PBXCopyFilesBuildPhase;
			buildActionMask = 2147483647;
			dstPath = "";
			dstSubfolderSpec = 13;
			files = (
				258172B92C7A10D100D2691E /* Graduating-WidgetExtension.appex in Embed Foundation Extensions */,
			);
			name = "Embed Foundation Extensions";
			runOnlyForDeploymentPostprocessing = 0;
		};
		258172C72C7A12B800D2691E /* CopyFiles */ = {
			isa = PBXCopyFilesBuildPhase;
			buildActionMask = 2147483647;
			dstPath = "include/$(PRODUCT_NAME)";
			dstSubfolderSpec = 16;
			files = (
			);
			runOnlyForDeploymentPostprocessing = 0;
		};
		258172E12C7A16EA00D2691E /* CopyFiles */ = {
			isa = PBXCopyFilesBuildPhase;
			buildActionMask = 2147483647;
			dstPath = "include/$(PRODUCT_NAME)";
			dstSubfolderSpec = 16;
			files = (
			);
			runOnlyForDeploymentPostprocessing = 0;
		};
		25C962AD2C7B062900EB872E /* CopyFiles */ = {
			isa = PBXCopyFilesBuildPhase;
			buildActionMask = 2147483647;
			dstPath = "include/$(PRODUCT_NAME)";
			dstSubfolderSpec = 16;
			files = (
			);
			runOnlyForDeploymentPostprocessing = 0;
		};
/* End PBXCopyFilesBuildPhase section */

/* Begin PBXFileReference section */
		250364422C762B6700A93625 /* ModelProtocol.swift */ = {isa = PBXFileReference; lastKnownFileType = sourcecode.swift; path = ModelProtocol.swift; sourceTree = "<group>"; };
		250364442C762BDC00A93625 /* SearchSchoolContainer.swift */ = {isa = PBXFileReference; lastKnownFileType = sourcecode.swift; path = SearchSchoolContainer.swift; sourceTree = "<group>"; };
		250EAE212C7DDBEF00D9FF5E /* Graduating.entitlements */ = {isa = PBXFileReference; lastKnownFileType = text.plist.entitlements; path = Graduating.entitlements; sourceTree = "<group>"; };
		250EAE222C7DDC6500D9FF5E /* Graduating-WidgetExtension.entitlements */ = {isa = PBXFileReference; lastKnownFileType = text.plist.entitlements; path = "Graduating-WidgetExtension.entitlements"; sourceTree = "<group>"; };
		250F33D42C7F3D34001FCFCB /* Meal.swift */ = {isa = PBXFileReference; lastKnownFileType = sourcecode.swift; path = Meal.swift; sourceTree = "<group>"; };
		250F33D62C7F3D5D001FCFCB /* MealType.swift */ = {isa = PBXFileReference; lastKnownFileType = sourcecode.swift; path = MealType.swift; sourceTree = "<group>"; };
		250F33D92C7F3E38001FCFCB /* HomeInfoContainer.swift */ = {isa = PBXFileReference; lastKnownFileType = sourcecode.swift; path = HomeInfoContainer.swift; sourceTree = "<group>"; };
		250F33DB2C7F3EA0001FCFCB /* HomeGraduatingContainer.swift */ = {isa = PBXFileReference; lastKnownFileType = sourcecode.swift; path = HomeGraduatingContainer.swift; sourceTree = "<group>"; };
		250F33DD2C7F3F3D001FCFCB /* MealViewModel.swift */ = {isa = PBXFileReference; lastKnownFileType = sourcecode.swift; path = MealViewModel.swift; sourceTree = "<group>"; };
		250F33E02C7F3FFC001FCFCB /* MealService.swift */ = {isa = PBXFileReference; lastKnownFileType = sourcecode.swift; path = MealService.swift; sourceTree = "<group>"; };
		250F33E62C7F401F001FCFCB /* EndpointExt.swift */ = {isa = PBXFileReference; lastKnownFileType = sourcecode.swift; path = EndpointExt.swift; sourceTree = "<group>"; };
		250F33E82C7F407D001FCFCB /* FetchMealReq.swift */ = {isa = PBXFileReference; lastKnownFileType = sourcecode.swift; path = FetchMealReq.swift; sourceTree = "<group>"; };
		250F33EA2C7F4089001FCFCB /* ReqProtocol.swift */ = {isa = PBXFileReference; lastKnownFileType = sourcecode.swift; path = ReqProtocol.swift; sourceTree = "<group>"; };
		250F33ED2C7F414D001FCFCB /* Result.swift */ = {isa = PBXFileReference; lastKnownFileType = sourcecode.swift; path = Result.swift; sourceTree = "<group>"; };
		250F33EF2C7F447E001FCFCB /* ScopeExt.swift */ = {isa = PBXFileReference; lastKnownFileType = sourcecode.swift; path = ScopeExt.swift; sourceTree = "<group>"; };
		250F33F12C7F451C001FCFCB /* HomeMealContainer.swift */ = {isa = PBXFileReference; lastKnownFileType = sourcecode.swift; path = HomeMealContainer.swift; sourceTree = "<group>"; };
		253DC2982C7EAB3C0047C401 /* UserDefaultsExt.swift */ = {isa = PBXFileReference; lastKnownFileType = sourcecode.swift; path = UserDefaultsExt.swift; sourceTree = "<group>"; };
		253DC2BB2C7ED21C0047C401 /* SchoolType.swift */ = {isa = PBXFileReference; lastKnownFileType = sourcecode.swift; path = SchoolType.swift; sourceTree = "<group>"; };
		2560F1732C746C16007009E2 /* Graduating.app */ = {isa = PBXFileReference; explicitFileType = wrapper.application; includeInIndex = 0; path = Graduating.app; sourceTree = BUILT_PRODUCTS_DIR; };
		2560F1762C746C16007009E2 /* GraduatingApp.swift */ = {isa = PBXFileReference; lastKnownFileType = sourcecode.swift; path = GraduatingApp.swift; sourceTree = "<group>"; };
		2560F17A2C746C19007009E2 /* Assets.xcassets */ = {isa = PBXFileReference; lastKnownFileType = folder.assetcatalog; path = Assets.xcassets; sourceTree = "<group>"; };
		2560F17D2C746C19007009E2 /* Preview Assets.xcassets */ = {isa = PBXFileReference; lastKnownFileType = folder.assetcatalog; path = "Preview Assets.xcassets"; sourceTree = "<group>"; };
		2560F1872C746C64007009E2 /* OnboardingFirstView.swift */ = {isa = PBXFileReference; lastKnownFileType = sourcecode.swift; path = OnboardingFirstView.swift; sourceTree = "<group>"; };
		2560F18A2C746E24007009E2 /* EditGradeView.swift */ = {isa = PBXFileReference; lastKnownFileType = sourcecode.swift; path = EditGradeView.swift; sourceTree = "<group>"; };
		2560F18E2C746E91007009E2 /* OnboardingCoordinator.swift */ = {isa = PBXFileReference; lastKnownFileType = sourcecode.swift; path = OnboardingCoordinator.swift; sourceTree = "<group>"; };
		2560F1912C746EEC007009E2 /* Router.swift */ = {isa = PBXFileReference; lastKnownFileType = sourcecode.swift; path = Router.swift; sourceTree = "<group>"; };
		2560F1942C74710B007009E2 /* UserDefaultsType.swift */ = {isa = PBXFileReference; lastKnownFileType = sourcecode.swift; path = UserDefaultsType.swift; sourceTree = "<group>"; };
		2560F1972C747226007009E2 /* MainView.swift */ = {isa = PBXFileReference; lastKnownFileType = sourcecode.swift; path = MainView.swift; sourceTree = "<group>"; };
		2560F19C2C7473D3007009E2 /* HomeView.swift */ = {isa = PBXFileReference; lastKnownFileType = sourcecode.swift; path = HomeView.swift; sourceTree = "<group>"; };
		2560F1A22C748475007009E2 /* DateUtil.swift */ = {isa = PBXFileReference; lastKnownFileType = sourcecode.swift; path = DateUtil.swift; sourceTree = "<group>"; };
		2581724B2C78009100D2691E /* EditSchoolView.swift */ = {isa = PBXFileReference; lastKnownFileType = sourcecode.swift; path = EditSchoolView.swift; sourceTree = "<group>"; };
		258172512C78014D00D2691E /* SearchSchoolViewModel.swift */ = {isa = PBXFileReference; lastKnownFileType = sourcecode.swift; path = SearchSchoolViewModel.swift; sourceTree = "<group>"; };
		258172592C78146000D2691E /* MainCoordinator.swift */ = {isa = PBXFileReference; lastKnownFileType = sourcecode.swift; path = MainCoordinator.swift; sourceTree = "<group>"; };
		258172A92C7A10CF00D2691E /* Graduating-WidgetExtension.appex */ = {isa = PBXFileReference; explicitFileType = "wrapper.app-extension"; includeInIndex = 0; path = "Graduating-WidgetExtension.appex"; sourceTree = BUILT_PRODUCTS_DIR; };
		258172AB2C7A10CF00D2691E /* WidgetKit.framework */ = {isa = PBXFileReference; lastKnownFileType = wrapper.framework; name = WidgetKit.framework; path = System/Library/Frameworks/WidgetKit.framework; sourceTree = SDKROOT; };
		258172AD2C7A10CF00D2691E /* SwiftUI.framework */ = {isa = PBXFileReference; lastKnownFileType = wrapper.framework; name = SwiftUI.framework; path = System/Library/Frameworks/SwiftUI.framework; sourceTree = SDKROOT; };
		258172B02C7A10CF00D2691E /* Graduating_WidgetBundle.swift */ = {isa = PBXFileReference; lastKnownFileType = sourcecode.swift; path = Graduating_WidgetBundle.swift; sourceTree = "<group>"; };
		258172B22C7A10CF00D2691E /* Graduating_Widget.swift */ = {isa = PBXFileReference; lastKnownFileType = sourcecode.swift; path = Graduating_Widget.swift; sourceTree = "<group>"; };
		258172B42C7A10D100D2691E /* Assets.xcassets */ = {isa = PBXFileReference; lastKnownFileType = folder.assetcatalog; path = Assets.xcassets; sourceTree = "<group>"; };
		258172B62C7A10D100D2691E /* Info.plist */ = {isa = PBXFileReference; lastKnownFileType = text.plist.xml; path = Info.plist; sourceTree = "<group>"; };
		258172BE2C7A115B00D2691E /* GraduatingEntry.swift */ = {isa = PBXFileReference; lastKnownFileType = sourcecode.swift; path = GraduatingEntry.swift; sourceTree = "<group>"; };
		258172C32C7A11E600D2691E /* GraduatingProvider.swift */ = {isa = PBXFileReference; lastKnownFileType = sourcecode.swift; path = GraduatingProvider.swift; sourceTree = "<group>"; };
		258172C92C7A12B800D2691E /* libShared.a */ = {isa = PBXFileReference; explicitFileType = archive.ar; includeInIndex = 0; path = libShared.a; sourceTree = BUILT_PRODUCTS_DIR; };
		258172CB2C7A12B800D2691E /* DateComponentsExt.swift */ = {isa = PBXFileReference; lastKnownFileType = sourcecode.swift; path = DateComponentsExt.swift; sourceTree = "<group>"; };
		258172D72C7A147200D2691E /* GraduatingViewModel.swift */ = {isa = PBXFileReference; lastKnownFileType = sourcecode.swift; path = GraduatingViewModel.swift; sourceTree = "<group>"; };
		258172D92C7A168400D2691E /* DateExt.swift */ = {isa = PBXFileReference; lastKnownFileType = sourcecode.swift; path = DateExt.swift; sourceTree = "<group>"; };
		258172E32C7A16EA00D2691E /* libModel.a */ = {isa = PBXFileReference; explicitFileType = archive.ar; includeInIndex = 0; path = libModel.a; sourceTree = BUILT_PRODUCTS_DIR; };
		258172F32C7A18AB00D2691E /* Graduating.swift */ = {isa = PBXFileReference; lastKnownFileType = sourcecode.swift; path = Graduating.swift; sourceTree = "<group>"; };
		25C4CCF82C74B44100DB83B3 /* SchoolService.swift */ = {isa = PBXFileReference; lastKnownFileType = sourcecode.swift; path = SchoolService.swift; sourceTree = "<group>"; };
		25C4CCFB2C74B47700DB83B3 /* School.swift */ = {isa = PBXFileReference; lastKnownFileType = sourcecode.swift; path = School.swift; sourceTree = "<group>"; };
		25C4CCFE2C74B5DB00DB83B3 /* SchoolCell.swift */ = {isa = PBXFileReference; lastKnownFileType = sourcecode.swift; path = SchoolCell.swift; sourceTree = "<group>"; };
		25C4CD022C74B78B00DB83B3 /* Info.plist */ = {isa = PBXFileReference; lastKnownFileType = text.plist; path = Info.plist; sourceTree = "<group>"; };
		25C4CD052C74E1BC00DB83B3 /* AppState.swift */ = {isa = PBXFileReference; lastKnownFileType = sourcecode.swift; path = AppState.swift; sourceTree = "<group>"; };
		25C4CD082C74E3B800DB83B3 /* ProfileView.swift */ = {isa = PBXFileReference; lastKnownFileType = sourcecode.swift; path = ProfileView.swift; sourceTree = "<group>"; };
		25C962AF2C7B062900EB872E /* libData.a */ = {isa = PBXFileReference; explicitFileType = archive.ar; includeInIndex = 0; path = libData.a; sourceTree = BUILT_PRODUCTS_DIR; };
		25F845702C760C1E00185A60 /* Secret.swift */ = {isa = PBXFileReference; lastKnownFileType = sourcecode.swift; path = Secret.swift; sourceTree = "<group>"; };
/* End PBXFileReference section */

/* Begin PBXFrameworksBuildPhase section */
		2560F1702C746C16007009E2 /* Frameworks */ = {
			isa = PBXFrameworksBuildPhase;
			buildActionMask = 2147483647;
			files = (
				250FD0852C74AF100070503B /* CombineMoya in Frameworks */,
				25C962D42C7B07C500EB872E /* libData.a in Frameworks */,
				25C962D12C7B07C000EB872E /* libModel.a in Frameworks */,
				253DC2B22C7EBEAC0047C401 /* MyDesignSystem in Frameworks */,
				250FD0872C74AF100070503B /* Moya in Frameworks */,
				25C4CCF52C74B30600DB83B3 /* Then in Frameworks */,
				258172D02C7A12CC00D2691E /* libShared.a in Frameworks */,
			);
			runOnlyForDeploymentPostprocessing = 0;
		};
		258172A62C7A10CF00D2691E /* Frameworks */ = {
			isa = PBXFrameworksBuildPhase;
			buildActionMask = 2147483647;
			files = (
				258172AE2C7A10CF00D2691E /* SwiftUI.framework in Frameworks */,
				25C962DA2C7B07F800EB872E /* libModel.a in Frameworks */,
				250EAE262C7DE05500D9FF5E /* Moya in Frameworks */,
				253DC2B82C7EBEB30047C401 /* MyDesignSystem in Frameworks */,
				25C962D72C7B07F800EB872E /* libData.a in Frameworks */,
				25C962E02C7B0D0300EB872E /* Then in Frameworks */,
				258172AC2C7A10CF00D2691E /* WidgetKit.framework in Frameworks */,
				250EAE242C7DE05500D9FF5E /* CombineMoya in Frameworks */,
				258172D32C7A12D300D2691E /* libShared.a in Frameworks */,
			);
			runOnlyForDeploymentPostprocessing = 0;
		};
		258172C62C7A12B800D2691E /* Frameworks */ = {
			isa = PBXFrameworksBuildPhase;
			buildActionMask = 2147483647;
			files = (
				253DC2B62C7EBEAC0047C401 /* MyShared in Frameworks */,
			);
			runOnlyForDeploymentPostprocessing = 0;
		};
		258172E02C7A16EA00D2691E /* Frameworks */ = {
			isa = PBXFrameworksBuildPhase;
			buildActionMask = 2147483647;
			files = (
			);
			runOnlyForDeploymentPostprocessing = 0;
		};
		25C962AC2C7B062900EB872E /* Frameworks */ = {
			isa = PBXFrameworksBuildPhase;
			buildActionMask = 2147483647;
			files = (
				253DC2B42C7EBEAC0047C401 /* MyMoya in Frameworks */,
			);
			runOnlyForDeploymentPostprocessing = 0;
		};
/* End PBXFrameworksBuildPhase section */

/* Begin PBXGroup section */
		250F33D32C7F3D2F001FCFCB /* Meal */ = {
			isa = PBXGroup;
			children = (
				250F33D42C7F3D34001FCFCB /* Meal.swift */,
				250F33D62C7F3D5D001FCFCB /* MealType.swift */,
				250F33E82C7F407D001FCFCB /* FetchMealReq.swift */,
			);
			path = Meal;
			sourceTree = "<group>";
		};
		250F33D82C7F3E27001FCFCB /* Component */ = {
			isa = PBXGroup;
			children = (
				250F33D92C7F3E38001FCFCB /* HomeInfoContainer.swift */,
				250F33DB2C7F3EA0001FCFCB /* HomeGraduatingContainer.swift */,
				250F33F12C7F451C001FCFCB /* HomeMealContainer.swift */,
			);
			path = Component;
			sourceTree = "<group>";
		};
		250F33DF2C7F3FF9001FCFCB /* Meal */ = {
			isa = PBXGroup;
			children = (
				250F33E02C7F3FFC001FCFCB /* MealService.swift */,
			);
			path = Meal;
			sourceTree = "<group>";
		};
		250F33E42C7F4019001FCFCB /* Foundation */ = {
			isa = PBXGroup;
			children = (
				250F33E62C7F401F001FCFCB /* EndpointExt.swift */,
				250F33ED2C7F414D001FCFCB /* Result.swift */,
			);
			path = Foundation;
			sourceTree = "<group>";
		};
		250F33EC2C7F408B001FCFCB /* Foundation */ = {
			isa = PBXGroup;
			children = (
				250F33EA2C7F4089001FCFCB /* ReqProtocol.swift */,
				250364422C762B6700A93625 /* ModelProtocol.swift */,
			);
			path = Foundation;
			sourceTree = "<group>";
		};
		250FD0812C74AEAE0070503B /* Feature */ = {
			isa = PBXGroup;
			children = (
				2560F1962C747222007009E2 /* Main */,
				2560F1892C746E1C007009E2 /* Onboarding */,
				2581724D2C7800F300D2691E /* EditSchool */,
				2581725C2C7815DB00D2691E /* EditGrade */,
				25C4CCFD2C74B5D400DB83B3 /* Component */,
				258172502C78014400D2691E /* Observable */,
			);
			path = Feature;
			sourceTree = "<group>";
		};
		250FD0822C74AEBA0070503B /* Network */ = {
			isa = PBXGroup;
			children = (
				250F33E42C7F4019001FCFCB /* Foundation */,
				250F33DF2C7F3FF9001FCFCB /* Meal */,
				25C4CCFA2C74B46C00DB83B3 /* School */,
			);
			path = Network;
			sourceTree = "<group>";
		};
		253DC29A2C7EAB3D0047C401 /* Extension */ = {
			isa = PBXGroup;
			children = (
				253DC2982C7EAB3C0047C401 /* UserDefaultsExt.swift */,
			);
			path = Extension;
			sourceTree = "<group>";
		};
		2560F16A2C746C16007009E2 = {
			isa = PBXGroup;
			children = (
				250EAE222C7DDC6500D9FF5E /* Graduating-WidgetExtension.entitlements */,
				2560F1752C746C16007009E2 /* Graduating */,
				258172AF2C7A10CF00D2691E /* Graduating-Widget */,
				25C962B02C7B062A00EB872E /* Data */,
				258172CA2C7A12B800D2691E /* Shared */,
				258172E42C7A16EA00D2691E /* Model */,
				258172AA2C7A10CF00D2691E /* Frameworks */,
				2560F1742C746C16007009E2 /* Products */,
			);
			sourceTree = "<group>";
		};
		2560F1742C746C16007009E2 /* Products */ = {
			isa = PBXGroup;
			children = (
				2560F1732C746C16007009E2 /* Graduating.app */,
				258172A92C7A10CF00D2691E /* Graduating-WidgetExtension.appex */,
				258172C92C7A12B800D2691E /* libShared.a */,
				258172E32C7A16EA00D2691E /* libModel.a */,
				25C962AF2C7B062900EB872E /* libData.a */,
			);
			name = Products;
			sourceTree = "<group>";
		};
		2560F1752C746C16007009E2 /* Graduating */ = {
			isa = PBXGroup;
			children = (
				250EAE212C7DDBEF00D9FF5E /* Graduating.entitlements */,
				25C4CD022C74B78B00DB83B3 /* Info.plist */,
				2560F1762C746C16007009E2 /* GraduatingApp.swift */,
				250FD0812C74AEAE0070503B /* Feature */,
				2560F17A2C746C19007009E2 /* Assets.xcassets */,
				2560F17C2C746C19007009E2 /* Preview Content */,
			);
			path = Graduating;
			sourceTree = "<group>";
		};
		2560F17C2C746C19007009E2 /* Preview Content */ = {
			isa = PBXGroup;
			children = (
				2560F17D2C746C19007009E2 /* Preview Assets.xcassets */,
			);
			path = "Preview Content";
			sourceTree = "<group>";
		};
		2560F1892C746E1C007009E2 /* Onboarding */ = {
			isa = PBXGroup;
			children = (
				2560F1872C746C64007009E2 /* OnboardingFirstView.swift */,
				2560F18E2C746E91007009E2 /* OnboardingCoordinator.swift */,
			);
			path = Onboarding;
			sourceTree = "<group>";
		};
		2560F1932C747106007009E2 /* Local */ = {
			isa = PBXGroup;
			children = (
				253DC29A2C7EAB3D0047C401 /* Extension */,
				2560F1942C74710B007009E2 /* UserDefaultsType.swift */,
			);
			path = Local;
			sourceTree = "<group>";
		};
		2560F1962C747222007009E2 /* Main */ = {
			isa = PBXGroup;
			children = (
				25C4CD072C74E3B200DB83B3 /* Profile */,
				2560F19B2C7473CE007009E2 /* Home */,
				2560F1972C747226007009E2 /* MainView.swift */,
				258172592C78146000D2691E /* MainCoordinator.swift */,
			);
			path = Main;
			sourceTree = "<group>";
		};
		2560F19B2C7473CE007009E2 /* Home */ = {
			isa = PBXGroup;
			children = (
				250F33D82C7F3E27001FCFCB /* Component */,
				2560F19C2C7473D3007009E2 /* HomeView.swift */,
			);
			path = Home;
			sourceTree = "<group>";
		};
		2560F1A12C748470007009E2 /* Util */ = {
			isa = PBXGroup;
			children = (
				2560F1A22C748475007009E2 /* DateUtil.swift */,
			);
			path = Util;
			sourceTree = "<group>";
		};
		2581724D2C7800F300D2691E /* EditSchool */ = {
			isa = PBXGroup;
			children = (
				2581724B2C78009100D2691E /* EditSchoolView.swift */,
			);
			path = EditSchool;
			sourceTree = "<group>";
		};
		258172502C78014400D2691E /* Observable */ = {
			isa = PBXGroup;
			children = (
				2560F1912C746EEC007009E2 /* Router.swift */,
				25C4CD052C74E1BC00DB83B3 /* AppState.swift */,
				258172512C78014D00D2691E /* SearchSchoolViewModel.swift */,
				258172D72C7A147200D2691E /* GraduatingViewModel.swift */,
				250F33DD2C7F3F3D001FCFCB /* MealViewModel.swift */,
			);
			path = Observable;
			sourceTree = "<group>";
		};
		2581725C2C7815DB00D2691E /* EditGrade */ = {
			isa = PBXGroup;
			children = (
				2560F18A2C746E24007009E2 /* EditGradeView.swift */,
			);
			path = EditGrade;
			sourceTree = "<group>";
		};
		258172AA2C7A10CF00D2691E /* Frameworks */ = {
			isa = PBXGroup;
			children = (
				258172AB2C7A10CF00D2691E /* WidgetKit.framework */,
				258172AD2C7A10CF00D2691E /* SwiftUI.framework */,
			);
			name = Frameworks;
			sourceTree = "<group>";
		};
		258172AF2C7A10CF00D2691E /* Graduating-Widget */ = {
			isa = PBXGroup;
			children = (
				258172B02C7A10CF00D2691E /* Graduating_WidgetBundle.swift */,
				258172C02C7A115E00D2691E /* Entry */,
				258172C22C7A11D100D2691E /* Provider */,
				258172B22C7A10CF00D2691E /* Graduating_Widget.swift */,
				258172B42C7A10D100D2691E /* Assets.xcassets */,
				258172B62C7A10D100D2691E /* Info.plist */,
			);
			path = "Graduating-Widget";
			sourceTree = "<group>";
		};
		258172C02C7A115E00D2691E /* Entry */ = {
			isa = PBXGroup;
			children = (
				258172BE2C7A115B00D2691E /* GraduatingEntry.swift */,
			);
			path = Entry;
			sourceTree = "<group>";
		};
		258172C22C7A11D100D2691E /* Provider */ = {
			isa = PBXGroup;
			children = (
				258172C32C7A11E600D2691E /* GraduatingProvider.swift */,
			);
			path = Provider;
			sourceTree = "<group>";
		};
		258172CA2C7A12B800D2691E /* Shared */ = {
			isa = PBXGroup;
			children = (
				2560F1A12C748470007009E2 /* Util */,
				258172D62C7A12F300D2691E /* Extension */,
				250F33EF2C7F447E001FCFCB /* ScopeExt.swift */,
			);
			path = Shared;
			sourceTree = "<group>";
		};
		258172D62C7A12F300D2691E /* Extension */ = {
			isa = PBXGroup;
			children = (
				258172CB2C7A12B800D2691E /* DateComponentsExt.swift */,
				258172D92C7A168400D2691E /* DateExt.swift */,
			);
			path = Extension;
			sourceTree = "<group>";
		};
		258172E42C7A16EA00D2691E /* Model */ = {
			isa = PBXGroup;
			children = (
				250F33EC2C7F408B001FCFCB /* Foundation */,
				258172EB2C7A16F600D2691E /* Graduating */,
				258172EA2C7A16F400D2691E /* School */,
				250F33D32C7F3D2F001FCFCB /* Meal */,
			);
			path = Model;
			sourceTree = "<group>";
		};
		258172EA2C7A16F400D2691E /* School */ = {
			isa = PBXGroup;
			children = (
				25C4CCFB2C74B47700DB83B3 /* School.swift */,
				253DC2BB2C7ED21C0047C401 /* SchoolType.swift */,
			);
			path = School;
			sourceTree = "<group>";
		};
		258172EB2C7A16F600D2691E /* Graduating */ = {
			isa = PBXGroup;
			children = (
				258172F32C7A18AB00D2691E /* Graduating.swift */,
			);
			path = Graduating;
			sourceTree = "<group>";
		};
		25C4CCFA2C74B46C00DB83B3 /* School */ = {
			isa = PBXGroup;
			children = (
				25C4CCF82C74B44100DB83B3 /* SchoolService.swift */,
			);
			path = School;
			sourceTree = "<group>";
		};
		25C4CCFD2C74B5D400DB83B3 /* Component */ = {
			isa = PBXGroup;
			children = (
				25C4CCFE2C74B5DB00DB83B3 /* SchoolCell.swift */,
				250364442C762BDC00A93625 /* SearchSchoolContainer.swift */,
			);
			path = Component;
			sourceTree = "<group>";
		};
		25C4CD072C74E3B200DB83B3 /* Profile */ = {
			isa = PBXGroup;
			children = (
				25C4CD082C74E3B800DB83B3 /* ProfileView.swift */,
			);
			path = Profile;
			sourceTree = "<group>";
		};
		25C962B02C7B062A00EB872E /* Data */ = {
			isa = PBXGroup;
			children = (
				25F845702C760C1E00185A60 /* Secret.swift */,
				250FD0822C74AEBA0070503B /* Network */,
				2560F1932C747106007009E2 /* Local */,
			);
			path = Data;
			sourceTree = "<group>";
		};
/* End PBXGroup section */

/* Begin PBXNativeTarget section */
		2560F1722C746C16007009E2 /* Graduating */ = {
			isa = PBXNativeTarget;
			buildConfigurationList = 2560F1812C746C19007009E2 /* Build configuration list for PBXNativeTarget "Graduating" */;
			buildPhases = (
				2560F16F2C746C16007009E2 /* Sources */,
				2560F1702C746C16007009E2 /* Frameworks */,
				2560F1712C746C16007009E2 /* Resources */,
				258172BD2C7A10D100D2691E /* Embed Foundation Extensions */,
			);
			buildRules = (
			);
			dependencies = (
				25C962B92C7B064500EB872E /* PBXTargetDependency */,
				258172F62C7A18D900D2691E /* PBXTargetDependency */,
				258172D22C7A12CC00D2691E /* PBXTargetDependency */,
				258172B82C7A10D100D2691E /* PBXTargetDependency */,
			);
			name = Graduating;
			packageProductDependencies = (
				250FD0842C74AF100070503B /* CombineMoya */,
				250FD0862C74AF100070503B /* Moya */,
				25C4CCF42C74B30600DB83B3 /* Then */,
				253DC2B12C7EBEAC0047C401 /* MyDesignSystem */,
			);
			productName = Graduating;
			productReference = 2560F1732C746C16007009E2 /* Graduating.app */;
			productType = "com.apple.product-type.application";
		};
		258172A82C7A10CF00D2691E /* Graduating-WidgetExtension */ = {
			isa = PBXNativeTarget;
			buildConfigurationList = 258172BA2C7A10D100D2691E /* Build configuration list for PBXNativeTarget "Graduating-WidgetExtension" */;
			buildPhases = (
				258172A52C7A10CF00D2691E /* Sources */,
				258172A62C7A10CF00D2691E /* Frameworks */,
				258172A72C7A10CF00D2691E /* Resources */,
			);
			buildRules = (
			);
			dependencies = (
				253DC2AB2C7EB0D00047C401 /* PBXTargetDependency */,
				258172F82C7A19C700D2691E /* PBXTargetDependency */,
				258172D52C7A12D300D2691E /* PBXTargetDependency */,
				25C962D92C7B07F800EB872E /* PBXTargetDependency */,
			);
			name = "Graduating-WidgetExtension";
			packageProductDependencies = (
				25C962DF2C7B0D0300EB872E /* Then */,
				250EAE232C7DE05500D9FF5E /* CombineMoya */,
				250EAE252C7DE05500D9FF5E /* Moya */,
				253DC2B72C7EBEB30047C401 /* MyDesignSystem */,
			);
			productName = "Graduating-WidgetExtension";
			productReference = 258172A92C7A10CF00D2691E /* Graduating-WidgetExtension.appex */;
			productType = "com.apple.product-type.app-extension";
		};
		258172C82C7A12B800D2691E /* Shared */ = {
			isa = PBXNativeTarget;
			buildConfigurationList = 258172CD2C7A12B800D2691E /* Build configuration list for PBXNativeTarget "Shared" */;
			buildPhases = (
				258172C52C7A12B800D2691E /* Sources */,
				258172C62C7A12B800D2691E /* Frameworks */,
				258172C72C7A12B800D2691E /* CopyFiles */,
			);
			buildRules = (
			);
			dependencies = (
				25D927852C7DD19C008DB5B8 /* PBXTargetDependency */,
				258172ED2C7A173E00D2691E /* PBXTargetDependency */,
			);
			name = Shared;
			packageProductDependencies = (
				253DC2B52C7EBEAC0047C401 /* MyShared */,
			);
			productName = Shared;
			productReference = 258172C92C7A12B800D2691E /* libShared.a */;
			productType = "com.apple.product-type.library.static";
		};
		258172E22C7A16EA00D2691E /* Model */ = {
			isa = PBXNativeTarget;
			buildConfigurationList = 258172E72C7A16EA00D2691E /* Build configuration list for PBXNativeTarget "Model" */;
			buildPhases = (
				258172DF2C7A16EA00D2691E /* Sources */,
				258172E02C7A16EA00D2691E /* Frameworks */,
				258172E12C7A16EA00D2691E /* CopyFiles */,
			);
			buildRules = (
			);
			dependencies = (
			);
			name = Model;
			productName = Model;
			productReference = 258172E32C7A16EA00D2691E /* libModel.a */;
			productType = "com.apple.product-type.library.static";
		};
		25C962AE2C7B062900EB872E /* Data */ = {
			isa = PBXNativeTarget;
			buildConfigurationList = 25C962B52C7B062A00EB872E /* Build configuration list for PBXNativeTarget "Data" */;
			buildPhases = (
				25C962AB2C7B062900EB872E /* Sources */,
				25C962AC2C7B062900EB872E /* Frameworks */,
				25C962AD2C7B062900EB872E /* CopyFiles */,
			);
			buildRules = (
			);
			dependencies = (
				253DC2A92C7EB0B50047C401 /* PBXTargetDependency */,
				25D927812C7DCFEB008DB5B8 /* PBXTargetDependency */,
				25D927832C7DCFEB008DB5B8 /* PBXTargetDependency */,
				25C962B72C7B063E00EB872E /* PBXTargetDependency */,
			);
			name = Data;
			packageProductDependencies = (
				253DC2B32C7EBEAC0047C401 /* MyMoya */,
			);
			productName = Data;
			productReference = 25C962AF2C7B062900EB872E /* libData.a */;
			productType = "com.apple.product-type.library.static";
		};
/* End PBXNativeTarget section */

/* Begin PBXProject section */
		2560F16B2C746C16007009E2 /* Project object */ = {
			isa = PBXProject;
			attributes = {
				BuildIndependentTargetsInParallel = 1;
				LastSwiftUpdateCheck = 1540;
				LastUpgradeCheck = 1540;
				TargetAttributes = {
					2560F1722C746C16007009E2 = {
						CreatedOnToolsVersion = 15.4;
					};
					258172A82C7A10CF00D2691E = {
						CreatedOnToolsVersion = 15.4;
					};
					258172C82C7A12B800D2691E = {
						CreatedOnToolsVersion = 15.4;
					};
					258172E22C7A16EA00D2691E = {
						CreatedOnToolsVersion = 15.4;
					};
					25C962AE2C7B062900EB872E = {
						CreatedOnToolsVersion = 15.4;
					};
				};
			};
			buildConfigurationList = 2560F16E2C746C16007009E2 /* Build configuration list for PBXProject "Graduating" */;
			compatibilityVersion = "Xcode 14.0";
			developmentRegion = ko;
			hasScannedForEncodings = 0;
			knownRegions = (
				en,
				Base,
				ko,
			);
			mainGroup = 2560F16A2C746C16007009E2;
			packageReferences = (
				250FD0832C74AF100070503B /* XCRemoteSwiftPackageReference "Moya" */,
				25C4CCF32C74B30600DB83B3 /* XCRemoteSwiftPackageReference "Then" */,
				253DC2B02C7EBEAC0047C401 /* XCRemoteSwiftPackageReference "my-ios-kit" */,
			);
			productRefGroup = 2560F1742C746C16007009E2 /* Products */;
			projectDirPath = "";
			projectRoot = "";
			targets = (
				2560F1722C746C16007009E2 /* Graduating */,
				258172A82C7A10CF00D2691E /* Graduating-WidgetExtension */,
				258172C82C7A12B800D2691E /* Shared */,
				258172E22C7A16EA00D2691E /* Model */,
				25C962AE2C7B062900EB872E /* Data */,
			);
		};
/* End PBXProject section */

/* Begin PBXResourcesBuildPhase section */
		2560F1712C746C16007009E2 /* Resources */ = {
			isa = PBXResourcesBuildPhase;
			buildActionMask = 2147483647;
			files = (
				2560F17E2C746C19007009E2 /* Preview Assets.xcassets in Resources */,
				2560F17B2C746C19007009E2 /* Assets.xcassets in Resources */,
			);
			runOnlyForDeploymentPostprocessing = 0;
		};
		258172A72C7A10CF00D2691E /* Resources */ = {
			isa = PBXResourcesBuildPhase;
			buildActionMask = 2147483647;
			files = (
				258172B52C7A10D100D2691E /* Assets.xcassets in Resources */,
			);
			runOnlyForDeploymentPostprocessing = 0;
		};
/* End PBXResourcesBuildPhase section */

/* Begin PBXSourcesBuildPhase section */
		2560F16F2C746C16007009E2 /* Sources */ = {
			isa = PBXSourcesBuildPhase;
			buildActionMask = 2147483647;
			files = (
				2560F1882C746C64007009E2 /* OnboardingFirstView.swift in Sources */,
				2560F18F2C746E91007009E2 /* OnboardingCoordinator.swift in Sources */,
				2560F19D2C7473D3007009E2 /* HomeView.swift in Sources */,
				258172522C78014D00D2691E /* SearchSchoolViewModel.swift in Sources */,
				2581725A2C78146000D2691E /* MainCoordinator.swift in Sources */,
				2560F1922C746EEC007009E2 /* Router.swift in Sources */,
				2560F1772C746C16007009E2 /* GraduatingApp.swift in Sources */,
				250F33DE2C7F3F3D001FCFCB /* MealViewModel.swift in Sources */,
				25C4CCFF2C74B5DB00DB83B3 /* SchoolCell.swift in Sources */,
				2560F18B2C746E24007009E2 /* EditGradeView.swift in Sources */,
				258172D82C7A147200D2691E /* GraduatingViewModel.swift in Sources */,
				25C4CD092C74E3B800DB83B3 /* ProfileView.swift in Sources */,
				250F33F22C7F451C001FCFCB /* HomeMealContainer.swift in Sources */,
				25C4CD062C74E1BC00DB83B3 /* AppState.swift in Sources */,
				2581724C2C78009100D2691E /* EditSchoolView.swift in Sources */,
				250F33DC2C7F3EA0001FCFCB /* HomeGraduatingContainer.swift in Sources */,
				2560F1982C747226007009E2 /* MainView.swift in Sources */,
				250F33DA2C7F3E38001FCFCB /* HomeInfoContainer.swift in Sources */,
				250364452C762BDC00A93625 /* SearchSchoolContainer.swift in Sources */,
			);
			runOnlyForDeploymentPostprocessing = 0;
		};
		258172A52C7A10CF00D2691E /* Sources */ = {
			isa = PBXSourcesBuildPhase;
			buildActionMask = 2147483647;
			files = (
				258172C42C7A11E600D2691E /* GraduatingProvider.swift in Sources */,
				258172B12C7A10CF00D2691E /* Graduating_WidgetBundle.swift in Sources */,
				258172B32C7A10CF00D2691E /* Graduating_Widget.swift in Sources */,
				258172C12C7A118400D2691E /* GraduatingEntry.swift in Sources */,
			);
			runOnlyForDeploymentPostprocessing = 0;
		};
		258172C52C7A12B800D2691E /* Sources */ = {
			isa = PBXSourcesBuildPhase;
			buildActionMask = 2147483647;
			files = (
				250F33F02C7F447E001FCFCB /* ScopeExt.swift in Sources */,
				25C962CA2C7B071800EB872E /* DateComponentsExt.swift in Sources */,
				25C962CC2C7B071800EB872E /* DateUtil.swift in Sources */,
				25C962CE2C7B071800EB872E /* DateExt.swift in Sources */,
			);
			runOnlyForDeploymentPostprocessing = 0;
		};
		258172DF2C7A16EA00D2691E /* Sources */ = {
			isa = PBXSourcesBuildPhase;
			buildActionMask = 2147483647;
			files = (
				250F33D52C7F3D34001FCFCB /* Meal.swift in Sources */,
				258172F02C7A177400D2691E /* ModelProtocol.swift in Sources */,
				253DC2BC2C7ED21C0047C401 /* SchoolType.swift in Sources */,
				258172EF2C7A175400D2691E /* School.swift in Sources */,
				250F33D72C7F3D5D001FCFCB /* MealType.swift in Sources */,
				250F33E92C7F407D001FCFCB /* FetchMealReq.swift in Sources */,
				250F33EB2C7F4089001FCFCB /* ReqProtocol.swift in Sources */,
				258172F42C7A18AB00D2691E /* Graduating.swift in Sources */,
			);
			runOnlyForDeploymentPostprocessing = 0;
		};
		25C962AB2C7B062900EB872E /* Sources */ = {
			isa = PBXSourcesBuildPhase;
			buildActionMask = 2147483647;
			files = (
				25C962BB2C7B068700EB872E /* SchoolService.swift in Sources */,
				25C962BD2C7B068700EB872E /* UserDefaultsType.swift in Sources */,
				250F33E72C7F401F001FCFCB /* EndpointExt.swift in Sources */,
				25C962BE2C7B068700EB872E /* Secret.swift in Sources */,
				250F33EE2C7F414D001FCFCB /* Result.swift in Sources */,
				250F33E12C7F3FFC001FCFCB /* MealService.swift in Sources */,
				253DC2992C7EAB3C0047C401 /* UserDefaultsExt.swift in Sources */,
			);
			runOnlyForDeploymentPostprocessing = 0;
		};
/* End PBXSourcesBuildPhase section */

/* Begin PBXTargetDependency section */
		253DC2A92C7EB0B50047C401 /* PBXTargetDependency */ = {
			isa = PBXTargetDependency;
			productRef = 253DC2A82C7EB0B50047C401 /* MyShared */;
		};
		253DC2AB2C7EB0D00047C401 /* PBXTargetDependency */ = {
			isa = PBXTargetDependency;
			productRef = 253DC2AA2C7EB0D00047C401 /* MyDesignSystem */;
		};
		258172B82C7A10D100D2691E /* PBXTargetDependency */ = {
			isa = PBXTargetDependency;
			target = 258172A82C7A10CF00D2691E /* Graduating-WidgetExtension */;
			targetProxy = 258172B72C7A10D100D2691E /* PBXContainerItemProxy */;
		};
		258172D22C7A12CC00D2691E /* PBXTargetDependency */ = {
			isa = PBXTargetDependency;
			target = 258172C82C7A12B800D2691E /* Shared */;
			targetProxy = 258172D12C7A12CC00D2691E /* PBXContainerItemProxy */;
		};
		258172D52C7A12D300D2691E /* PBXTargetDependency */ = {
			isa = PBXTargetDependency;
			target = 258172C82C7A12B800D2691E /* Shared */;
			targetProxy = 258172D42C7A12D300D2691E /* PBXContainerItemProxy */;
		};
		258172ED2C7A173E00D2691E /* PBXTargetDependency */ = {
			isa = PBXTargetDependency;
			target = 258172E22C7A16EA00D2691E /* Model */;
			targetProxy = 258172EC2C7A173E00D2691E /* PBXContainerItemProxy */;
		};
		258172F62C7A18D900D2691E /* PBXTargetDependency */ = {
			isa = PBXTargetDependency;
			target = 258172E22C7A16EA00D2691E /* Model */;
			targetProxy = 258172F52C7A18D900D2691E /* PBXContainerItemProxy */;
		};
		258172F82C7A19C700D2691E /* PBXTargetDependency */ = {
			isa = PBXTargetDependency;
			target = 258172E22C7A16EA00D2691E /* Model */;
			targetProxy = 258172F72C7A19C700D2691E /* PBXContainerItemProxy */;
		};
		25C962B72C7B063E00EB872E /* PBXTargetDependency */ = {
			isa = PBXTargetDependency;
			target = 258172C82C7A12B800D2691E /* Shared */;
			targetProxy = 25C962B62C7B063E00EB872E /* PBXContainerItemProxy */;
		};
		25C962B92C7B064500EB872E /* PBXTargetDependency */ = {
			isa = PBXTargetDependency;
			target = 25C962AE2C7B062900EB872E /* Data */;
			targetProxy = 25C962B82C7B064500EB872E /* PBXContainerItemProxy */;
		};
		25C962D92C7B07F800EB872E /* PBXTargetDependency */ = {
			isa = PBXTargetDependency;
			target = 25C962AE2C7B062900EB872E /* Data */;
			targetProxy = 25C962D82C7B07F800EB872E /* PBXContainerItemProxy */;
		};
		25D927812C7DCFEB008DB5B8 /* PBXTargetDependency */ = {
			isa = PBXTargetDependency;
			productRef = 25D927802C7DCFEB008DB5B8 /* CombineMoya */;
		};
		25D927832C7DCFEB008DB5B8 /* PBXTargetDependency */ = {
			isa = PBXTargetDependency;
			productRef = 25D927822C7DCFEB008DB5B8 /* Moya */;
		};
		25D927852C7DD19C008DB5B8 /* PBXTargetDependency */ = {
			isa = PBXTargetDependency;
			productRef = 25D927842C7DD19C008DB5B8 /* Then */;
		};
/* End PBXTargetDependency section */

/* Begin XCBuildConfiguration section */
		2560F17F2C746C19007009E2 /* Debug */ = {
			isa = XCBuildConfiguration;
			buildSettings = {
				ALWAYS_SEARCH_USER_PATHS = NO;
				ASSETCATALOG_COMPILER_GENERATE_SWIFT_ASSET_SYMBOL_EXTENSIONS = YES;
				CLANG_ANALYZER_NONNULL = YES;
				CLANG_ANALYZER_NUMBER_OBJECT_CONVERSION = YES_AGGRESSIVE;
				CLANG_CXX_LANGUAGE_STANDARD = "gnu++20";
				CLANG_ENABLE_MODULES = YES;
				CLANG_ENABLE_OBJC_ARC = YES;
				CLANG_ENABLE_OBJC_WEAK = YES;
				CLANG_WARN_BLOCK_CAPTURE_AUTORELEASING = YES;
				CLANG_WARN_BOOL_CONVERSION = YES;
				CLANG_WARN_COMMA = YES;
				CLANG_WARN_CONSTANT_CONVERSION = YES;
				CLANG_WARN_DEPRECATED_OBJC_IMPLEMENTATIONS = YES;
				CLANG_WARN_DIRECT_OBJC_ISA_USAGE = YES_ERROR;
				CLANG_WARN_DOCUMENTATION_COMMENTS = YES;
				CLANG_WARN_EMPTY_BODY = YES;
				CLANG_WARN_ENUM_CONVERSION = YES;
				CLANG_WARN_INFINITE_RECURSION = YES;
				CLANG_WARN_INT_CONVERSION = YES;
				CLANG_WARN_NON_LITERAL_NULL_CONVERSION = YES;
				CLANG_WARN_OBJC_IMPLICIT_RETAIN_SELF = YES;
				CLANG_WARN_OBJC_LITERAL_CONVERSION = YES;
				CLANG_WARN_OBJC_ROOT_CLASS = YES_ERROR;
				CLANG_WARN_QUOTED_INCLUDE_IN_FRAMEWORK_HEADER = YES;
				CLANG_WARN_RANGE_LOOP_ANALYSIS = YES;
				CLANG_WARN_STRICT_PROTOTYPES = YES;
				CLANG_WARN_SUSPICIOUS_MOVE = YES;
				CLANG_WARN_UNGUARDED_AVAILABILITY = YES_AGGRESSIVE;
				CLANG_WARN_UNREACHABLE_CODE = YES;
				CLANG_WARN__DUPLICATE_METHOD_MATCH = YES;
				COPY_PHASE_STRIP = NO;
				DEBUG_INFORMATION_FORMAT = dwarf;
				ENABLE_STRICT_OBJC_MSGSEND = YES;
				ENABLE_TESTABILITY = YES;
				ENABLE_USER_SCRIPT_SANDBOXING = YES;
				GCC_C_LANGUAGE_STANDARD = gnu17;
				GCC_DYNAMIC_NO_PIC = NO;
				GCC_NO_COMMON_BLOCKS = YES;
				GCC_OPTIMIZATION_LEVEL = 0;
				GCC_PREPROCESSOR_DEFINITIONS = (
					"DEBUG=1",
					"$(inherited)",
				);
				GCC_WARN_64_TO_32_BIT_CONVERSION = YES;
				GCC_WARN_ABOUT_RETURN_TYPE = YES_ERROR;
				GCC_WARN_UNDECLARED_SELECTOR = YES;
				GCC_WARN_UNINITIALIZED_AUTOS = YES_AGGRESSIVE;
				GCC_WARN_UNUSED_FUNCTION = YES;
				GCC_WARN_UNUSED_VARIABLE = YES;
				IPHONEOS_DEPLOYMENT_TARGET = 16.4;
				LOCALIZATION_PREFERS_STRING_CATALOGS = YES;
				MTL_ENABLE_DEBUG_INFO = INCLUDE_SOURCE;
				MTL_FAST_MATH = YES;
				ONLY_ACTIVE_ARCH = YES;
				SDKROOT = iphoneos;
				SWIFT_ACTIVE_COMPILATION_CONDITIONS = "DEBUG $(inherited)";
				SWIFT_OPTIMIZATION_LEVEL = "-Onone";
			};
			name = Debug;
		};
		2560F1802C746C19007009E2 /* Release */ = {
			isa = XCBuildConfiguration;
			buildSettings = {
				ALWAYS_SEARCH_USER_PATHS = NO;
				ASSETCATALOG_COMPILER_GENERATE_SWIFT_ASSET_SYMBOL_EXTENSIONS = YES;
				CLANG_ANALYZER_NONNULL = YES;
				CLANG_ANALYZER_NUMBER_OBJECT_CONVERSION = YES_AGGRESSIVE;
				CLANG_CXX_LANGUAGE_STANDARD = "gnu++20";
				CLANG_ENABLE_MODULES = YES;
				CLANG_ENABLE_OBJC_ARC = YES;
				CLANG_ENABLE_OBJC_WEAK = YES;
				CLANG_WARN_BLOCK_CAPTURE_AUTORELEASING = YES;
				CLANG_WARN_BOOL_CONVERSION = YES;
				CLANG_WARN_COMMA = YES;
				CLANG_WARN_CONSTANT_CONVERSION = YES;
				CLANG_WARN_DEPRECATED_OBJC_IMPLEMENTATIONS = YES;
				CLANG_WARN_DIRECT_OBJC_ISA_USAGE = YES_ERROR;
				CLANG_WARN_DOCUMENTATION_COMMENTS = YES;
				CLANG_WARN_EMPTY_BODY = YES;
				CLANG_WARN_ENUM_CONVERSION = YES;
				CLANG_WARN_INFINITE_RECURSION = YES;
				CLANG_WARN_INT_CONVERSION = YES;
				CLANG_WARN_NON_LITERAL_NULL_CONVERSION = YES;
				CLANG_WARN_OBJC_IMPLICIT_RETAIN_SELF = YES;
				CLANG_WARN_OBJC_LITERAL_CONVERSION = YES;
				CLANG_WARN_OBJC_ROOT_CLASS = YES_ERROR;
				CLANG_WARN_QUOTED_INCLUDE_IN_FRAMEWORK_HEADER = YES;
				CLANG_WARN_RANGE_LOOP_ANALYSIS = YES;
				CLANG_WARN_STRICT_PROTOTYPES = YES;
				CLANG_WARN_SUSPICIOUS_MOVE = YES;
				CLANG_WARN_UNGUARDED_AVAILABILITY = YES_AGGRESSIVE;
				CLANG_WARN_UNREACHABLE_CODE = YES;
				CLANG_WARN__DUPLICATE_METHOD_MATCH = YES;
				COPY_PHASE_STRIP = NO;
				DEBUG_INFORMATION_FORMAT = "dwarf-with-dsym";
				ENABLE_NS_ASSERTIONS = NO;
				ENABLE_STRICT_OBJC_MSGSEND = YES;
				ENABLE_USER_SCRIPT_SANDBOXING = YES;
				GCC_C_LANGUAGE_STANDARD = gnu17;
				GCC_NO_COMMON_BLOCKS = YES;
				GCC_WARN_64_TO_32_BIT_CONVERSION = YES;
				GCC_WARN_ABOUT_RETURN_TYPE = YES_ERROR;
				GCC_WARN_UNDECLARED_SELECTOR = YES;
				GCC_WARN_UNINITIALIZED_AUTOS = YES_AGGRESSIVE;
				GCC_WARN_UNUSED_FUNCTION = YES;
				GCC_WARN_UNUSED_VARIABLE = YES;
				IPHONEOS_DEPLOYMENT_TARGET = 16.4;
				LOCALIZATION_PREFERS_STRING_CATALOGS = YES;
				MTL_ENABLE_DEBUG_INFO = NO;
				MTL_FAST_MATH = YES;
				SDKROOT = iphoneos;
				SWIFT_COMPILATION_MODE = wholemodule;
				VALIDATE_PRODUCT = YES;
			};
			name = Release;
		};
		2560F1822C746C19007009E2 /* Debug */ = {
			isa = XCBuildConfiguration;
			buildSettings = {
				ALWAYS_EMBED_SWIFT_STANDARD_LIBRARIES = YES;
				ASSETCATALOG_COMPILER_APPICON_NAME = AppIcon;
				ASSETCATALOG_COMPILER_GLOBAL_ACCENT_COLOR_NAME = AccentColor;
				CODE_SIGN_ENTITLEMENTS = Graduating/Graduating.entitlements;
				CODE_SIGN_STYLE = Automatic;
				CURRENT_PROJECT_VERSION = 1;
				DEVELOPMENT_ASSET_PATHS = "\"Graduating/Preview Content\"";
				DEVELOPMENT_TEAM = B42SPPS3PR;
				ENABLE_PREVIEWS = YES;
				GENERATE_INFOPLIST_FILE = YES;
				INFOPLIST_FILE = Graduating/Info.plist;
				INFOPLIST_KEY_CFBundleDisplayName = "졸업이당";
				INFOPLIST_KEY_UIApplicationSceneManifest_Generation = YES;
				INFOPLIST_KEY_UIApplicationSupportsIndirectInputEvents = YES;
				INFOPLIST_KEY_UILaunchScreen_Generation = YES;
				INFOPLIST_KEY_UISupportedInterfaceOrientations_iPad = "UIInterfaceOrientationPortrait UIInterfaceOrientationPortraitUpsideDown UIInterfaceOrientationLandscapeLeft UIInterfaceOrientationLandscapeRight";
				INFOPLIST_KEY_UISupportedInterfaceOrientations_iPhone = "UIInterfaceOrientationPortrait UIInterfaceOrientationLandscapeLeft UIInterfaceOrientationLandscapeRight";
				IPHONEOS_DEPLOYMENT_TARGET = 16.0;
				LD_RUNPATH_SEARCH_PATHS = (
					"$(inherited)",
					"@executable_path/Frameworks",
				);
				MARKETING_VERSION = 1.1.0;
				PRODUCT_BUNDLE_IDENTIFIER = com.bestswlkh0310.graduating.Graduating;
				PRODUCT_NAME = "$(TARGET_NAME)";
				SUPPORTED_PLATFORMS = "iphoneos iphonesimulator";
				SUPPORTS_MACCATALYST = NO;
				SUPPORTS_MAC_DESIGNED_FOR_IPHONE_IPAD = NO;
				SUPPORTS_XR_DESIGNED_FOR_IPHONE_IPAD = NO;
				SWIFT_EMIT_LOC_STRINGS = YES;
				SWIFT_VERSION = 5.0;
				TARGETED_DEVICE_FAMILY = 1;
			};
			name = Debug;
		};
		2560F1832C746C19007009E2 /* Release */ = {
			isa = XCBuildConfiguration;
			buildSettings = {
				ALWAYS_EMBED_SWIFT_STANDARD_LIBRARIES = YES;
				ASSETCATALOG_COMPILER_APPICON_NAME = AppIcon;
				ASSETCATALOG_COMPILER_GLOBAL_ACCENT_COLOR_NAME = AccentColor;
				CODE_SIGN_ENTITLEMENTS = Graduating/Graduating.entitlements;
				CODE_SIGN_STYLE = Automatic;
				CURRENT_PROJECT_VERSION = 1;
				DEVELOPMENT_ASSET_PATHS = "\"Graduating/Preview Content\"";
				DEVELOPMENT_TEAM = B42SPPS3PR;
				ENABLE_PREVIEWS = YES;
				GENERATE_INFOPLIST_FILE = YES;
				INFOPLIST_FILE = Graduating/Info.plist;
				INFOPLIST_KEY_CFBundleDisplayName = "졸업이당";
				INFOPLIST_KEY_UIApplicationSceneManifest_Generation = YES;
				INFOPLIST_KEY_UIApplicationSupportsIndirectInputEvents = YES;
				INFOPLIST_KEY_UILaunchScreen_Generation = YES;
				INFOPLIST_KEY_UISupportedInterfaceOrientations_iPad = "UIInterfaceOrientationPortrait UIInterfaceOrientationPortraitUpsideDown UIInterfaceOrientationLandscapeLeft UIInterfaceOrientationLandscapeRight";
				INFOPLIST_KEY_UISupportedInterfaceOrientations_iPhone = "UIInterfaceOrientationPortrait UIInterfaceOrientationLandscapeLeft UIInterfaceOrientationLandscapeRight";
				IPHONEOS_DEPLOYMENT_TARGET = 16.0;
				LD_RUNPATH_SEARCH_PATHS = (
					"$(inherited)",
					"@executable_path/Frameworks",
				);
				MARKETING_VERSION = 1.1.0;
				PRODUCT_BUNDLE_IDENTIFIER = com.bestswlkh0310.graduating.Graduating;
				PRODUCT_NAME = "$(TARGET_NAME)";
				SUPPORTED_PLATFORMS = "iphoneos iphonesimulator";
				SUPPORTS_MACCATALYST = NO;
				SUPPORTS_MAC_DESIGNED_FOR_IPHONE_IPAD = NO;
				SUPPORTS_XR_DESIGNED_FOR_IPHONE_IPAD = NO;
				SWIFT_EMIT_LOC_STRINGS = YES;
				SWIFT_VERSION = 5.0;
				TARGETED_DEVICE_FAMILY = 1;
			};
			name = Release;
		};
		258172BB2C7A10D100D2691E /* Debug */ = {
			isa = XCBuildConfiguration;
			buildSettings = {
				ASSETCATALOG_COMPILER_GLOBAL_ACCENT_COLOR_NAME = AccentColor;
				ASSETCATALOG_COMPILER_WIDGET_BACKGROUND_COLOR_NAME = WidgetBackground;
				CODE_SIGN_ENTITLEMENTS = "Graduating-WidgetExtension.entitlements";
				CODE_SIGN_STYLE = Automatic;
				CURRENT_PROJECT_VERSION = 1;
				DEVELOPMENT_TEAM = B42SPPS3PR;
				GENERATE_INFOPLIST_FILE = YES;
				INFOPLIST_FILE = "Graduating-Widget/Info.plist";
				INFOPLIST_KEY_CFBundleDisplayName = "Graduating-Widget";
				INFOPLIST_KEY_NSHumanReadableCopyright = "";
				IPHONEOS_DEPLOYMENT_TARGET = 16.0;
				LD_RUNPATH_SEARCH_PATHS = (
					"$(inherited)",
					"@executable_path/Frameworks",
					"@executable_path/../../Frameworks",
				);
				MARKETING_VERSION = 1.0;
				PRODUCT_BUNDLE_IDENTIFIER = "com.bestswlkh0310.graduating.Graduating.Graduating-Widget";
				PRODUCT_NAME = "$(TARGET_NAME)";
				SKIP_INSTALL = YES;
				SUPPORTED_PLATFORMS = "iphoneos iphonesimulator";
				SUPPORTS_MACCATALYST = NO;
				SUPPORTS_MAC_DESIGNED_FOR_IPHONE_IPAD = NO;
				SUPPORTS_XR_DESIGNED_FOR_IPHONE_IPAD = NO;
				SWIFT_EMIT_LOC_STRINGS = YES;
				SWIFT_VERSION = 5.0;
				TARGETED_DEVICE_FAMILY = 1;
			};
			name = Debug;
		};
		258172BC2C7A10D100D2691E /* Release */ = {
			isa = XCBuildConfiguration;
			buildSettings = {
				ASSETCATALOG_COMPILER_GLOBAL_ACCENT_COLOR_NAME = AccentColor;
				ASSETCATALOG_COMPILER_WIDGET_BACKGROUND_COLOR_NAME = WidgetBackground;
				CODE_SIGN_ENTITLEMENTS = "Graduating-WidgetExtension.entitlements";
				CODE_SIGN_STYLE = Automatic;
				CURRENT_PROJECT_VERSION = 1;
				DEVELOPMENT_TEAM = B42SPPS3PR;
				GENERATE_INFOPLIST_FILE = YES;
				INFOPLIST_FILE = "Graduating-Widget/Info.plist";
				INFOPLIST_KEY_CFBundleDisplayName = "Graduating-Widget";
				INFOPLIST_KEY_NSHumanReadableCopyright = "";
				IPHONEOS_DEPLOYMENT_TARGET = 16.0;
				LD_RUNPATH_SEARCH_PATHS = (
					"$(inherited)",
					"@executable_path/Frameworks",
					"@executable_path/../../Frameworks",
				);
				MARKETING_VERSION = 1.0;
				PRODUCT_BUNDLE_IDENTIFIER = "com.bestswlkh0310.graduating.Graduating.Graduating-Widget";
				PRODUCT_NAME = "$(TARGET_NAME)";
				SKIP_INSTALL = YES;
				SUPPORTED_PLATFORMS = "iphoneos iphonesimulator";
				SUPPORTS_MACCATALYST = NO;
				SUPPORTS_MAC_DESIGNED_FOR_IPHONE_IPAD = NO;
				SUPPORTS_XR_DESIGNED_FOR_IPHONE_IPAD = NO;
				SWIFT_EMIT_LOC_STRINGS = YES;
				SWIFT_VERSION = 5.0;
				TARGETED_DEVICE_FAMILY = 1;
			};
			name = Release;
		};
		258172CE2C7A12B800D2691E /* Debug */ = {
			isa = XCBuildConfiguration;
			buildSettings = {
				CODE_SIGN_STYLE = Automatic;
				DEVELOPMENT_TEAM = B42SPPS3PR;
				IPHONEOS_DEPLOYMENT_TARGET = 16.0;
				OTHER_LDFLAGS = "-ObjC";
				PRODUCT_NAME = "$(TARGET_NAME)";
				SKIP_INSTALL = YES;
				SWIFT_VERSION = 5.0;
				TARGETED_DEVICE_FAMILY = "1,2";
			};
			name = Debug;
		};
		258172CF2C7A12B800D2691E /* Release */ = {
			isa = XCBuildConfiguration;
			buildSettings = {
				CODE_SIGN_STYLE = Automatic;
				DEVELOPMENT_TEAM = B42SPPS3PR;
				IPHONEOS_DEPLOYMENT_TARGET = 16.0;
				OTHER_LDFLAGS = "-ObjC";
				PRODUCT_NAME = "$(TARGET_NAME)";
				SKIP_INSTALL = YES;
				SWIFT_VERSION = 5.0;
				TARGETED_DEVICE_FAMILY = "1,2";
			};
			name = Release;
		};
		258172E82C7A16EA00D2691E /* Debug */ = {
			isa = XCBuildConfiguration;
			buildSettings = {
				CODE_SIGN_STYLE = Automatic;
				DEVELOPMENT_TEAM = B42SPPS3PR;
				IPHONEOS_DEPLOYMENT_TARGET = 16.0;
				OTHER_LDFLAGS = "-ObjC";
				PRODUCT_NAME = "$(TARGET_NAME)";
				SKIP_INSTALL = YES;
				SWIFT_VERSION = 5.0;
				TARGETED_DEVICE_FAMILY = "1,2";
			};
			name = Debug;
		};
		258172E92C7A16EA00D2691E /* Release */ = {
			isa = XCBuildConfiguration;
			buildSettings = {
				CODE_SIGN_STYLE = Automatic;
				DEVELOPMENT_TEAM = B42SPPS3PR;
				IPHONEOS_DEPLOYMENT_TARGET = 16.0;
				OTHER_LDFLAGS = "-ObjC";
				PRODUCT_NAME = "$(TARGET_NAME)";
				SKIP_INSTALL = YES;
				SWIFT_VERSION = 5.0;
				TARGETED_DEVICE_FAMILY = "1,2";
			};
			name = Release;
		};
		25C962B32C7B062A00EB872E /* Debug */ = {
			isa = XCBuildConfiguration;
			buildSettings = {
				CODE_SIGN_STYLE = Automatic;
				DEVELOPMENT_TEAM = B42SPPS3PR;
				IPHONEOS_DEPLOYMENT_TARGET = 16.0;
				OTHER_LDFLAGS = "-ObjC";
				PRODUCT_NAME = "$(TARGET_NAME)";
				SKIP_INSTALL = YES;
				SWIFT_VERSION = 5.0;
				TARGETED_DEVICE_FAMILY = "1,2";
			};
			name = Debug;
		};
		25C962B42C7B062A00EB872E /* Release */ = {
			isa = XCBuildConfiguration;
			buildSettings = {
				CODE_SIGN_STYLE = Automatic;
				DEVELOPMENT_TEAM = B42SPPS3PR;
				IPHONEOS_DEPLOYMENT_TARGET = 16.0;
				OTHER_LDFLAGS = "-ObjC";
				PRODUCT_NAME = "$(TARGET_NAME)";
				SKIP_INSTALL = YES;
				SWIFT_VERSION = 5.0;
				TARGETED_DEVICE_FAMILY = "1,2";
			};
			name = Release;
		};
/* End XCBuildConfiguration section */

/* Begin XCConfigurationList section */
		2560F16E2C746C16007009E2 /* Build configuration list for PBXProject "Graduating" */ = {
			isa = XCConfigurationList;
			buildConfigurations = (
				2560F17F2C746C19007009E2 /* Debug */,
				2560F1802C746C19007009E2 /* Release */,
			);
			defaultConfigurationIsVisible = 0;
			defaultConfigurationName = Release;
		};
		2560F1812C746C19007009E2 /* Build configuration list for PBXNativeTarget "Graduating" */ = {
			isa = XCConfigurationList;
			buildConfigurations = (
				2560F1822C746C19007009E2 /* Debug */,
				2560F1832C746C19007009E2 /* Release */,
			);
			defaultConfigurationIsVisible = 0;
			defaultConfigurationName = Release;
		};
		258172BA2C7A10D100D2691E /* Build configuration list for PBXNativeTarget "Graduating-WidgetExtension" */ = {
			isa = XCConfigurationList;
			buildConfigurations = (
				258172BB2C7A10D100D2691E /* Debug */,
				258172BC2C7A10D100D2691E /* Release */,
			);
			defaultConfigurationIsVisible = 0;
			defaultConfigurationName = Release;
		};
		258172CD2C7A12B800D2691E /* Build configuration list for PBXNativeTarget "Shared" */ = {
			isa = XCConfigurationList;
			buildConfigurations = (
				258172CE2C7A12B800D2691E /* Debug */,
				258172CF2C7A12B800D2691E /* Release */,
			);
			defaultConfigurationIsVisible = 0;
			defaultConfigurationName = Release;
		};
		258172E72C7A16EA00D2691E /* Build configuration list for PBXNativeTarget "Model" */ = {
			isa = XCConfigurationList;
			buildConfigurations = (
				258172E82C7A16EA00D2691E /* Debug */,
				258172E92C7A16EA00D2691E /* Release */,
			);
			defaultConfigurationIsVisible = 0;
			defaultConfigurationName = Release;
		};
		25C962B52C7B062A00EB872E /* Build configuration list for PBXNativeTarget "Data" */ = {
			isa = XCConfigurationList;
			buildConfigurations = (
				25C962B32C7B062A00EB872E /* Debug */,
				25C962B42C7B062A00EB872E /* Release */,
			);
			defaultConfigurationIsVisible = 0;
			defaultConfigurationName = Release;
		};
/* End XCConfigurationList section */

/* Begin XCRemoteSwiftPackageReference section */
		250FD0832C74AF100070503B /* XCRemoteSwiftPackageReference "Moya" */ = {
			isa = XCRemoteSwiftPackageReference;
			repositoryURL = "https://github.com/Moya/Moya";
			requirement = {
				kind = upToNextMajorVersion;
				minimumVersion = 15.0.3;
			};
		};
		253DC2A32C7EB0A30047C401 /* XCRemoteSwiftPackageReference "my-ios-kit" */ = {
			isa = XCRemoteSwiftPackageReference;
			repositoryURL = "https://github.com/hhhello0507/my-ios-kit";
			requirement = {
				kind = upToNextMajorVersion;
				minimumVersion = 1.4.0;
			};
		};
		253DC2B02C7EBEAC0047C401 /* XCRemoteSwiftPackageReference "my-ios-kit" */ = {
			isa = XCRemoteSwiftPackageReference;
			repositoryURL = "https://github.com/hhhello0507/my-ios-kit";
			requirement = {
				kind = upToNextMajorVersion;
				minimumVersion = 1.5.0;
			};
		};
		25C4CCF32C74B30600DB83B3 /* XCRemoteSwiftPackageReference "Then" */ = {
			isa = XCRemoteSwiftPackageReference;
			repositoryURL = "https://github.com/devxoul/Then";
			requirement = {
				kind = upToNextMajorVersion;
				minimumVersion = 3.0.0;
			};
		};
/* End XCRemoteSwiftPackageReference section */

/* Begin XCSwiftPackageProductDependency section */
		250EAE232C7DE05500D9FF5E /* CombineMoya */ = {
			isa = XCSwiftPackageProductDependency;
			package = 250FD0832C74AF100070503B /* XCRemoteSwiftPackageReference "Moya" */;
			productName = CombineMoya;
		};
		250EAE252C7DE05500D9FF5E /* Moya */ = {
			isa = XCSwiftPackageProductDependency;
			package = 250FD0832C74AF100070503B /* XCRemoteSwiftPackageReference "Moya" */;
			productName = Moya;
		};
		250FD0842C74AF100070503B /* CombineMoya */ = {
			isa = XCSwiftPackageProductDependency;
			package = 250FD0832C74AF100070503B /* XCRemoteSwiftPackageReference "Moya" */;
			productName = CombineMoya;
		};
		250FD0862C74AF100070503B /* Moya */ = {
			isa = XCSwiftPackageProductDependency;
			package = 250FD0832C74AF100070503B /* XCRemoteSwiftPackageReference "Moya" */;
			productName = Moya;
		};
		253DC2A82C7EB0B50047C401 /* MyShared */ = {
			isa = XCSwiftPackageProductDependency;
			package = 253DC2A32C7EB0A30047C401 /* XCRemoteSwiftPackageReference "my-ios-kit" */;
			productName = MyShared;
		};
		253DC2AA2C7EB0D00047C401 /* MyDesignSystem */ = {
			isa = XCSwiftPackageProductDependency;
			package = 253DC2A32C7EB0A30047C401 /* XCRemoteSwiftPackageReference "my-ios-kit" */;
			productName = MyDesignSystem;
		};
		253DC2B12C7EBEAC0047C401 /* MyDesignSystem */ = {
			isa = XCSwiftPackageProductDependency;
			package = 253DC2B02C7EBEAC0047C401 /* XCRemoteSwiftPackageReference "my-ios-kit" */;
			productName = MyDesignSystem;
		};
		253DC2B32C7EBEAC0047C401 /* MyMoya */ = {
			isa = XCSwiftPackageProductDependency;
			package = 253DC2B02C7EBEAC0047C401 /* XCRemoteSwiftPackageReference "my-ios-kit" */;
			productName = MyMoya;
		};
		253DC2B52C7EBEAC0047C401 /* MyShared */ = {
			isa = XCSwiftPackageProductDependency;
			package = 253DC2B02C7EBEAC0047C401 /* XCRemoteSwiftPackageReference "my-ios-kit" */;
			productName = MyShared;
		};
		253DC2B72C7EBEB30047C401 /* MyDesignSystem */ = {
			isa = XCSwiftPackageProductDependency;
			package = 253DC2B02C7EBEAC0047C401 /* XCRemoteSwiftPackageReference "my-ios-kit" */;
			productName = MyDesignSystem;
		};
		25C4CCF42C74B30600DB83B3 /* Then */ = {
			isa = XCSwiftPackageProductDependency;
			package = 25C4CCF32C74B30600DB83B3 /* XCRemoteSwiftPackageReference "Then" */;
			productName = Then;
		};
		25C962DF2C7B0D0300EB872E /* Then */ = {
			isa = XCSwiftPackageProductDependency;
			package = 25C4CCF32C74B30600DB83B3 /* XCRemoteSwiftPackageReference "Then" */;
			productName = Then;
		};
		25D927802C7DCFEB008DB5B8 /* CombineMoya */ = {
			isa = XCSwiftPackageProductDependency;
			package = 250FD0832C74AF100070503B /* XCRemoteSwiftPackageReference "Moya" */;
			productName = CombineMoya;
		};
		25D927822C7DCFEB008DB5B8 /* Moya */ = {
			isa = XCSwiftPackageProductDependency;
			package = 250FD0832C74AF100070503B /* XCRemoteSwiftPackageReference "Moya" */;
			productName = Moya;
		};
		25D927842C7DD19C008DB5B8 /* Then */ = {
			isa = XCSwiftPackageProductDependency;
			package = 25C4CCF32C74B30600DB83B3 /* XCRemoteSwiftPackageReference "Then" */;
			productName = Then;
		};
/* End XCSwiftPackageProductDependency section */
	};
	rootObject = 2560F16B2C746C16007009E2 /* Project object */;
}
